// !$*UTF8*$!
{
	archiveVersion = 1;
	classes = {
	};
	objectVersion = 46;
	objects = {

/* Begin PBXBuildFile section */
		7D0084361404B0DC00F1828B /* UIKit.framework in Frameworks */ = {isa = PBXBuildFile; fileRef = 7D0084351404B0DC00F1828B /* UIKit.framework */; };
		7D0084381404B0DC00F1828B /* Foundation.framework in Frameworks */ = {isa = PBXBuildFile; fileRef = 7D0084371404B0DC00F1828B /* Foundation.framework */; };
		7D00843A1404B0DC00F1828B /* CoreGraphics.framework in Frameworks */ = {isa = PBXBuildFile; fileRef = 7D0084391404B0DC00F1828B /* CoreGraphics.framework */; };
		7D0084401404B0DC00F1828B /* InfoPlist.strings in Resources */ = {isa = PBXBuildFile; fileRef = 7D00843E1404B0DC00F1828B /* InfoPlist.strings */; };
		7D0084431404B0DC00F1828B /* main.m in Sources */ = {isa = PBXBuildFile; fileRef = 7D0084421404B0DC00F1828B /* main.m */; };
		7D0084461404B0DC00F1828B /* PictureManageAppDelegate.m in Sources */ = {isa = PBXBuildFile; fileRef = 7D0084451404B0DC00F1828B /* PictureManageAppDelegate.m */; };
		7D0084491404B0DC00F1828B /* MainWindow.xib in Resources */ = {isa = PBXBuildFile; fileRef = 7D0084471404B0DC00F1828B /* MainWindow.xib */; };
		7D0084581404B1C900F1828B /* HomeViewController.m in Sources */ = {isa = PBXBuildFile; fileRef = 7D0084571404B1C900F1828B /* HomeViewController.m */; };
		7D0084651404B37800F1828B /* HomeView.m in Sources */ = {isa = PBXBuildFile; fileRef = 7D0084641404B37800F1828B /* HomeView.m */; };
		7D0084681404B41000F1828B /* HomeViewDataSource.m in Sources */ = {isa = PBXBuildFile; fileRef = 7D0084671404B41000F1828B /* HomeViewDataSource.m */; };
		7D00847B1404C12B00F1828B /* TableViewDataSource.m in Sources */ = {isa = PBXBuildFile; fileRef = 7D00847A1404C12B00F1828B /* TableViewDataSource.m */; };
		7D0ADB7D140F8DC500DB303D /* ImportPictureView.m in Sources */ = {isa = PBXBuildFile; fileRef = 7D0ADB7C140F8DC500DB303D /* ImportPictureView.m */; };
		7D2425C2140E3206006D99B2 /* ImageImporterController.m in Sources */ = {isa = PBXBuildFile; fileRef = 7D2425C1140E3206006D99B2 /* ImageImporterController.m */; };
		7D7F36FE1406FE7300EBDDF8 /* AFItemView.m in Sources */ = {isa = PBXBuildFile; fileRef = 7D7F36F81406FE7300EBDDF8 /* AFItemView.m */; };
		7D7F36FF1406FE7300EBDDF8 /* AFOpenFlowView.m in Sources */ = {isa = PBXBuildFile; fileRef = 7D7F36FB1406FE7300EBDDF8 /* AFOpenFlowView.m */; };
		7D7F37001406FE7300EBDDF8 /* AFUIImageReflection.m in Sources */ = {isa = PBXBuildFile; fileRef = 7D7F36FD1406FE7300EBDDF8 /* AFUIImageReflection.m */; };
		7D7F37021406FF2B00EBDDF8 /* QuartzCore.framework in Frameworks */ = {isa = PBXBuildFile; fileRef = 7D7F37011406FF2B00EBDDF8 /* QuartzCore.framework */; };
		7D7F37231406FFC800EBDDF8 /* 0.jpg in Resources */ = {isa = PBXBuildFile; fileRef = 7D7F37041406FFC800EBDDF8 /* 0.jpg */; };
		7D7F37241406FFC800EBDDF8 /* 1.jpg in Resources */ = {isa = PBXBuildFile; fileRef = 7D7F37051406FFC800EBDDF8 /* 1.jpg */; };
		7D7F37251406FFC800EBDDF8 /* 10.jpg in Resources */ = {isa = PBXBuildFile; fileRef = 7D7F37061406FFC800EBDDF8 /* 10.jpg */; };
		7D7F37261406FFC800EBDDF8 /* 11.jpg in Resources */ = {isa = PBXBuildFile; fileRef = 7D7F37071406FFC800EBDDF8 /* 11.jpg */; };
		7D7F37271406FFC800EBDDF8 /* 12.jpg in Resources */ = {isa = PBXBuildFile; fileRef = 7D7F37081406FFC800EBDDF8 /* 12.jpg */; };
		7D7F37281406FFC800EBDDF8 /* 13.jpg in Resources */ = {isa = PBXBuildFile; fileRef = 7D7F37091406FFC800EBDDF8 /* 13.jpg */; };
		7D7F37291406FFC800EBDDF8 /* 14.jpg in Resources */ = {isa = PBXBuildFile; fileRef = 7D7F370A1406FFC800EBDDF8 /* 14.jpg */; };
		7D7F372A1406FFC800EBDDF8 /* 15.jpg in Resources */ = {isa = PBXBuildFile; fileRef = 7D7F370B1406FFC800EBDDF8 /* 15.jpg */; };
		7D7F372B1406FFC800EBDDF8 /* 16.jpg in Resources */ = {isa = PBXBuildFile; fileRef = 7D7F370C1406FFC800EBDDF8 /* 16.jpg */; };
		7D7F372C1406FFC800EBDDF8 /* 17.jpg in Resources */ = {isa = PBXBuildFile; fileRef = 7D7F370D1406FFC800EBDDF8 /* 17.jpg */; };
		7D7F372D1406FFC800EBDDF8 /* 18.jpg in Resources */ = {isa = PBXBuildFile; fileRef = 7D7F370E1406FFC800EBDDF8 /* 18.jpg */; };
		7D7F372E1406FFC800EBDDF8 /* 19.jpg in Resources */ = {isa = PBXBuildFile; fileRef = 7D7F370F1406FFC800EBDDF8 /* 19.jpg */; };
		7D7F372F1406FFC800EBDDF8 /* 2.jpg in Resources */ = {isa = PBXBuildFile; fileRef = 7D7F37101406FFC800EBDDF8 /* 2.jpg */; };
		7D7F37301406FFC800EBDDF8 /* 20.jpg in Resources */ = {isa = PBXBuildFile; fileRef = 7D7F37111406FFC800EBDDF8 /* 20.jpg */; };
		7D7F37311406FFC800EBDDF8 /* 21.jpg in Resources */ = {isa = PBXBuildFile; fileRef = 7D7F37121406FFC800EBDDF8 /* 21.jpg */; };
		7D7F37321406FFC800EBDDF8 /* 22.jpg in Resources */ = {isa = PBXBuildFile; fileRef = 7D7F37131406FFC800EBDDF8 /* 22.jpg */; };
		7D7F37331406FFC800EBDDF8 /* 23.jpg in Resources */ = {isa = PBXBuildFile; fileRef = 7D7F37141406FFC800EBDDF8 /* 23.jpg */; };
		7D7F37341406FFC800EBDDF8 /* 24.jpg in Resources */ = {isa = PBXBuildFile; fileRef = 7D7F37151406FFC800EBDDF8 /* 24.jpg */; };
		7D7F37351406FFC800EBDDF8 /* 25.jpg in Resources */ = {isa = PBXBuildFile; fileRef = 7D7F37161406FFC800EBDDF8 /* 25.jpg */; };
		7D7F37361406FFC800EBDDF8 /* 26.jpg in Resources */ = {isa = PBXBuildFile; fileRef = 7D7F37171406FFC800EBDDF8 /* 26.jpg */; };
		7D7F37371406FFC800EBDDF8 /* 27.jpg in Resources */ = {isa = PBXBuildFile; fileRef = 7D7F37181406FFC800EBDDF8 /* 27.jpg */; };
		7D7F37381406FFC800EBDDF8 /* 28.jpg in Resources */ = {isa = PBXBuildFile; fileRef = 7D7F37191406FFC800EBDDF8 /* 28.jpg */; };
		7D7F37391406FFC800EBDDF8 /* 29.jpg in Resources */ = {isa = PBXBuildFile; fileRef = 7D7F371A1406FFC800EBDDF8 /* 29.jpg */; };
		7D7F373A1406FFC800EBDDF8 /* 3.jpg in Resources */ = {isa = PBXBuildFile; fileRef = 7D7F371B1406FFC800EBDDF8 /* 3.jpg */; };
		7D7F373B1406FFC800EBDDF8 /* 4.jpg in Resources */ = {isa = PBXBuildFile; fileRef = 7D7F371C1406FFC800EBDDF8 /* 4.jpg */; };
		7D7F373C1406FFC800EBDDF8 /* 5.jpg in Resources */ = {isa = PBXBuildFile; fileRef = 7D7F371D1406FFC800EBDDF8 /* 5.jpg */; };
		7D7F373D1406FFC800EBDDF8 /* 6.jpg in Resources */ = {isa = PBXBuildFile; fileRef = 7D7F371E1406FFC800EBDDF8 /* 6.jpg */; };
		7D7F373E1406FFC800EBDDF8 /* 7.jpg in Resources */ = {isa = PBXBuildFile; fileRef = 7D7F371F1406FFC800EBDDF8 /* 7.jpg */; };
		7D7F373F1406FFC800EBDDF8 /* 8.jpg in Resources */ = {isa = PBXBuildFile; fileRef = 7D7F37201406FFC800EBDDF8 /* 8.jpg */; };
		7D7F37401406FFC800EBDDF8 /* 9.jpg in Resources */ = {isa = PBXBuildFile; fileRef = 7D7F37211406FFC800EBDDF8 /* 9.jpg */; };
		7D90041B1408BB7200AF6DCD /* CategoryViewController.m in Sources */ = {isa = PBXBuildFile; fileRef = 7D90041A1408BB7200AF6DCD /* CategoryViewController.m */; };
		7D9004201408C29100AF6DCD /* CategoryDataSource.m in Sources */ = {isa = PBXBuildFile; fileRef = 7D90041F1408C29100AF6DCD /* CategoryDataSource.m */; };
		7D9004231408CB6000AF6DCD /* CategoryEditViewController.m in Sources */ = {isa = PBXBuildFile; fileRef = 7D9004221408CB6000AF6DCD /* CategoryEditViewController.m */; };
		7D9004381408D90E00AF6DCD /* PathHelper.m in Sources */ = {isa = PBXBuildFile; fileRef = 7D9004371408D90E00AF6DCD /* PathHelper.m */; };
		7D90043A1408FA7A00AF6DCD /* add.png in Resources */ = {isa = PBXBuildFile; fileRef = 7D9004391408FA7A00AF6DCD /* add.png */; };
		7D9004491409052500AF6DCD /* Picture.m in Sources */ = {isa = PBXBuildFile; fileRef = 7D9004481409052500AF6DCD /* Picture.m */; };
		7D9B0075141081FF0013C93F /* libOAuth.a in Frameworks */ = {isa = PBXBuildFile; fileRef = 7D9B004D141081FF0013C93F /* libOAuth.a */; };
		7D9B0076141081FF0013C93F /* Base64Transcoder.c in Sources */ = {isa = PBXBuildFile; fileRef = 7D9B004F141081FF0013C93F /* Base64Transcoder.c */; };
		7D9B0077141081FF0013C93F /* NSMutableURLRequest+Parameters.m in Sources */ = {isa = PBXBuildFile; fileRef = 7D9B0052141081FF0013C93F /* NSMutableURLRequest+Parameters.m */; };
		7D9B0078141081FF0013C93F /* NSString+URLEncoding.m in Sources */ = {isa = PBXBuildFile; fileRef = 7D9B0054141081FF0013C93F /* NSString+URLEncoding.m */; };
		7D9B0079141081FF0013C93F /* NSURL+Base.m in Sources */ = {isa = PBXBuildFile; fileRef = 7D9B0056141081FF0013C93F /* NSURL+Base.m */; };
		7D9B007A141081FF0013C93F /* OAAsynchronousDataFetcher.m in Sources */ = {isa = PBXBuildFile; fileRef = 7D9B0058141081FF0013C93F /* OAAsynchronousDataFetcher.m */; };
		7D9B007B141081FF0013C93F /* OAConsumer.m in Sources */ = {isa = PBXBuildFile; fileRef = 7D9B005A141081FF0013C93F /* OAConsumer.m */; };
		7D9B007C141081FF0013C93F /* OADataFetcher.m in Sources */ = {isa = PBXBuildFile; fileRef = 7D9B005C141081FF0013C93F /* OADataFetcher.m */; };
		7D9B007D141081FF0013C93F /* OAHMAC_SHA1SignatureProvider.m in Sources */ = {isa = PBXBuildFile; fileRef = 7D9B005E141081FF0013C93F /* OAHMAC_SHA1SignatureProvider.m */; };
		7D9B007E141081FF0013C93F /* OAMutableURLRequest.m in Sources */ = {isa = PBXBuildFile; fileRef = 7D9B0060141081FF0013C93F /* OAMutableURLRequest.m */; };
		7D9B007F141081FF0013C93F /* OAPlaintextSignatureProvider.m in Sources */ = {isa = PBXBuildFile; fileRef = 7D9B0062141081FF0013C93F /* OAPlaintextSignatureProvider.m */; };
		7D9B0080141081FF0013C93F /* OARequestParameter.m in Sources */ = {isa = PBXBuildFile; fileRef = 7D9B0064141081FF0013C93F /* OARequestParameter.m */; };
		7D9B0081141081FF0013C93F /* OAServiceTicket.m in Sources */ = {isa = PBXBuildFile; fileRef = 7D9B0066141081FF0013C93F /* OAServiceTicket.m */; };
		7D9B0082141081FF0013C93F /* OAToken.m in Sources */ = {isa = PBXBuildFile; fileRef = 7D9B0069141081FF0013C93F /* OAToken.m */; };
		7D9B0084141081FF0013C93F /* OAuthController.m in Sources */ = {isa = PBXBuildFile; fileRef = 7D9B006E141081FF0013C93F /* OAuthController.m */; };
		7D9B0085141081FF0013C93F /* OAuthEngine.m in Sources */ = {isa = PBXBuildFile; fileRef = 7D9B0070141081FF0013C93F /* OAuthEngine.m */; };
		7D9B0086141081FF0013C93F /* URLConnection.m in Sources */ = {isa = PBXBuildFile; fileRef = 7D9B0072141081FF0013C93F /* URLConnection.m */; };
		7D9B0087141081FF0013C93F /* WeiboClient.m in Sources */ = {isa = PBXBuildFile; fileRef = 7D9B0074141081FF0013C93F /* WeiboClient.m */; };
		7D9B0099141082A90013C93F /* GlobalCore.m in Sources */ = {isa = PBXBuildFile; fileRef = 7D9B008A141082A90013C93F /* GlobalCore.m */; };
		7D9B009A141082A90013C93F /* ColorUtils.m in Sources */ = {isa = PBXBuildFile; fileRef = 7D9B008D141082A90013C93F /* ColorUtils.m */; };
		7D9B009B141082A90013C93F /* ImageUtils.m in Sources */ = {isa = PBXBuildFile; fileRef = 7D9B0090141082A90013C93F /* ImageUtils.m */; };
		7D9B009C141082A90013C93F /* QuartzUtils.c in Sources */ = {isa = PBXBuildFile; fileRef = 7D9B0091141082A90013C93F /* QuartzUtils.c */; };
		7D9B009D141082A90013C93F /* REString.m in Sources */ = {isa = PBXBuildFile; fileRef = 7D9B0094141082A90013C93F /* REString.m */; };
		7D9B009E141082A90013C93F /* StringUtil.m in Sources */ = {isa = PBXBuildFile; fileRef = 7D9B0096141082A90013C93F /* StringUtil.m */; };
		7D9B009F141082A90013C93F /* TimeUtils.m in Sources */ = {isa = PBXBuildFile; fileRef = 7D9B0098141082A90013C93F /* TimeUtils.m */; };
		7D9B00B2141082F70013C93F /* Comment.m in Sources */ = {isa = PBXBuildFile; fileRef = 7D9B00A2141082F70013C93F /* Comment.m */; };
		7D9B00B3141082F70013C93F /* DBConnection.m in Sources */ = {isa = PBXBuildFile; fileRef = 7D9B00A5141082F70013C93F /* DBConnection.m */; };
		7D9B00B4141082F70013C93F /* Statement.m in Sources */ = {isa = PBXBuildFile; fileRef = 7D9B00A7141082F70013C93F /* Statement.m */; };
		7D9B00B5141082F70013C93F /* DirectMessage.m in Sources */ = {isa = PBXBuildFile; fileRef = 7D9B00A9141082F70013C93F /* DirectMessage.m */; };
		7D9B00B6141082F70013C93F /* Draft.m in Sources */ = {isa = PBXBuildFile; fileRef = 7D9B00AB141082F70013C93F /* Draft.m */; };
		7D9B00B7141082F70013C93F /* DummyGapStatus.m in Sources */ = {isa = PBXBuildFile; fileRef = 7D9B00AD141082F70013C93F /* DummyGapStatus.m */; };
		7D9B00B8141082F70013C93F /* Status.m in Sources */ = {isa = PBXBuildFile; fileRef = 7D9B00AF141082F70013C93F /* Status.m */; };
		7D9B00B9141082F70013C93F /* User.m in Sources */ = {isa = PBXBuildFile; fileRef = 7D9B00B1141082F70013C93F /* User.m */; };
		7D9B00D4141083230013C93F /* NSDataAdditions.m in Sources */ = {isa = PBXBuildFile; fileRef = 7D9B00BE141083230013C93F /* NSDataAdditions.m */; };
		7D9B00D5141083230013C93F /* NSDictionaryAdditions.m in Sources */ = {isa = PBXBuildFile; fileRef = 7D9B00C0141083230013C93F /* NSDictionaryAdditions.m */; };
		7D9B00D6141083230013C93F /* NSStringAdditions.m in Sources */ = {isa = PBXBuildFile; fileRef = 7D9B00C2141083230013C93F /* NSStringAdditions.m */; };
		7D9B00D7141083230013C93F /* UIColorAdditions.m in Sources */ = {isa = PBXBuildFile; fileRef = 7D9B00C4141083230013C93F /* UIColorAdditions.m */; };
		7D9B00D8141083230013C93F /* UIFontAdditions.m in Sources */ = {isa = PBXBuildFile; fileRef = 7D9B00C6141083230013C93F /* UIFontAdditions.m */; };
		7D9B00D9141083230013C93F /* UIImage+Alpha.m in Sources */ = {isa = PBXBuildFile; fileRef = 7D9B00C8141083230013C93F /* UIImage+Alpha.m */; };
		7D9B00DA141083230013C93F /* UIImage+Resize.m in Sources */ = {isa = PBXBuildFile; fileRef = 7D9B00CA141083230013C93F /* UIImage+Resize.m */; };
		7D9B00DB141083230013C93F /* UIImage+RoundedCorner.m in Sources */ = {isa = PBXBuildFile; fileRef = 7D9B00CC141083230013C93F /* UIImage+RoundedCorner.m */; };
		7D9B00DC141083230013C93F /* UITextViewAdditions.m in Sources */ = {isa = PBXBuildFile; fileRef = 7D9B00CE141083230013C93F /* UITextViewAdditions.m */; };
		7D9B00DD141083230013C93F /* UIView+Hierarchy.m in Sources */ = {isa = PBXBuildFile; fileRef = 7D9B00D0141083230013C93F /* UIView+Hierarchy.m */; };
		7D9B00DE141083230013C93F /* UIViewAdditions.m in Sources */ = {isa = PBXBuildFile; fileRef = 7D9B00D2141083230013C93F /* UIViewAdditions.m */; };
		7D9B00E11410835A0013C93F /* RegexKitLite.m in Sources */ = {isa = PBXBuildFile; fileRef = 7D9B00E0141083590013C93F /* RegexKitLite.m */; };
		7D9B00F1141083BE0013C93F /* NSObject+SBJSON.m in Sources */ = {isa = PBXBuildFile; fileRef = 7D9B00E5141083BE0013C93F /* NSObject+SBJSON.m */; };
		7D9B00F2141083BE0013C93F /* NSString+SBJSON.m in Sources */ = {isa = PBXBuildFile; fileRef = 7D9B00E7141083BE0013C93F /* NSString+SBJSON.m */; };
		7D9B00F3141083BE0013C93F /* SBJsonBase.m in Sources */ = {isa = PBXBuildFile; fileRef = 7D9B00E9141083BE0013C93F /* SBJsonBase.m */; };
		7D9B00F4141083BE0013C93F /* SBJsonParser.m in Sources */ = {isa = PBXBuildFile; fileRef = 7D9B00EB141083BE0013C93F /* SBJsonParser.m */; };
		7D9B00F5141083BE0013C93F /* SBJsonStreamWriter.m in Sources */ = {isa = PBXBuildFile; fileRef = 7D9B00ED141083BE0013C93F /* SBJsonStreamWriter.m */; };
		7D9B00F6141083BE0013C93F /* SBJsonWriter.m in Sources */ = {isa = PBXBuildFile; fileRef = 7D9B00EF141083BE0013C93F /* SBJsonWriter.m */; };
		7D9B00FE1410846D0013C93F /* UIKit.framework in Frameworks */ = {isa = PBXBuildFile; fileRef = 7D9B00FD1410846D0013C93F /* UIKit.framework */; };
		7D9B01001410847B0013C93F /* CFNetwork.framework in Frameworks */ = {isa = PBXBuildFile; fileRef = 7D9B00FF1410847B0013C93F /* CFNetwork.framework */; };
		7D9B0102141084820013C93F /* MobileCoreServices.framework in Frameworks */ = {isa = PBXBuildFile; fileRef = 7D9B0101141084820013C93F /* MobileCoreServices.framework */; };
		7D9B01051410848D0013C93F /* Security.framework in Frameworks */ = {isa = PBXBuildFile; fileRef = 7D9B01031410848D0013C93F /* Security.framework */; };
		7D9B01061410848D0013C93F /* SystemConfiguration.framework in Frameworks */ = {isa = PBXBuildFile; fileRef = 7D9B01041410848D0013C93F /* SystemConfiguration.framework */; };
		7D9B010A141084CF0013C93F /* libicucore.dylib in Frameworks */ = {isa = PBXBuildFile; fileRef = 7D9B0107141084CF0013C93F /* libicucore.dylib */; };
		7D9B010B141084CF0013C93F /* libz.1.2.3.dylib in Frameworks */ = {isa = PBXBuildFile; fileRef = 7D9B0108141084CF0013C93F /* libz.1.2.3.dylib */; };
		7D9B010C141084CF0013C93F /* libsqlite3.dylib in Frameworks */ = {isa = PBXBuildFile; fileRef = 7D9B0109141084CF0013C93F /* libsqlite3.dylib */; };
		7D9B01101410950E0013C93F /* ShareEditViewController.m in Sources */ = {isa = PBXBuildFile; fileRef = 7D9B010F1410950E0013C93F /* ShareEditViewController.m */; };
		7DCC8EED1411BB3D00666B02 /* UIImage+Compress.m in Sources */ = {isa = PBXBuildFile; fileRef = 7DCC8EEC1411BB3D00666B02 /* UIImage+Compress.m */; };
		7DEBA80E1409FD5F00801F3C /* PictureDetailViewController.m in Sources */ = {isa = PBXBuildFile; fileRef = 7DEBA80D1409FD5F00801F3C /* PictureDetailViewController.m */; };
		7DEFE8D3140688E900D684EC /* HomeViewImageCell.m in Sources */ = {isa = PBXBuildFile; fileRef = 7DEFE8D2140688E900D684EC /* HomeViewImageCell.m */; };
		7DEFE8F214069F6E00D684EC /* ImageView.m in Sources */ = {isa = PBXBuildFile; fileRef = 7DEFE8F114069F6E00D684EC /* ImageView.m */; };
		A9CEFE521409D9B50027926E /* DialogView.m in Sources */ = {isa = PBXBuildFile; fileRef = A9CEFE501409D9B50027926E /* DialogView.m */; };
		A9CEFE571409D9FE0027926E /* ImageSavingOperation.m in Sources */ = {isa = PBXBuildFile; fileRef = A9CEFE541409D9FE0027926E /* ImageSavingOperation.m */; };
		A9CEFE581409D9FE0027926E /* RotateUIImage.m in Sources */ = {isa = PBXBuildFile; fileRef = A9CEFE561409D9FE0027926E /* RotateUIImage.m */; };
		A9CEFE5C1409DCA10027926E /* Hash.m in Sources */ = {isa = PBXBuildFile; fileRef = A9CEFE5B1409DCA10027926E /* Hash.m */; };
		A9CEFE5E1409DCCD0027926E /* DialogView.xib in Resources */ = {isa = PBXBuildFile; fileRef = A9CEFE5D1409DCCD0027926E /* DialogView.xib */; };
/* End PBXBuildFile section */

/* Begin PBXFileReference section */
		7D0084311404B0DC00F1828B /* PictureManage.app */ = {isa = PBXFileReference; explicitFileType = wrapper.application; includeInIndex = 0; path = PictureManage.app; sourceTree = BUILT_PRODUCTS_DIR; };
		7D0084351404B0DC00F1828B /* UIKit.framework */ = {isa = PBXFileReference; lastKnownFileType = wrapper.framework; name = UIKit.framework; path = System/Library/Frameworks/UIKit.framework; sourceTree = SDKROOT; };
		7D0084371404B0DC00F1828B /* Foundation.framework */ = {isa = PBXFileReference; lastKnownFileType = wrapper.framework; name = Foundation.framework; path = System/Library/Frameworks/Foundation.framework; sourceTree = SDKROOT; };
		7D0084391404B0DC00F1828B /* CoreGraphics.framework */ = {isa = PBXFileReference; lastKnownFileType = wrapper.framework; name = CoreGraphics.framework; path = System/Library/Frameworks/CoreGraphics.framework; sourceTree = SDKROOT; };
		7D00843D1404B0DC00F1828B /* PictureManage-Info.plist */ = {isa = PBXFileReference; lastKnownFileType = text.plist.xml; path = "PictureManage-Info.plist"; sourceTree = "<group>"; };
		7D00843F1404B0DC00F1828B /* en */ = {isa = PBXFileReference; lastKnownFileType = text.plist.strings; name = en; path = en.lproj/InfoPlist.strings; sourceTree = "<group>"; };
		7D0084411404B0DC00F1828B /* PictureManage-Prefix.pch */ = {isa = PBXFileReference; lastKnownFileType = sourcecode.c.h; path = "PictureManage-Prefix.pch"; sourceTree = "<group>"; };
		7D0084421404B0DC00F1828B /* main.m */ = {isa = PBXFileReference; lastKnownFileType = sourcecode.c.objc; path = main.m; sourceTree = "<group>"; };
		7D0084441404B0DC00F1828B /* PictureManageAppDelegate.h */ = {isa = PBXFileReference; lastKnownFileType = sourcecode.c.h; path = PictureManageAppDelegate.h; sourceTree = "<group>"; };
		7D0084451404B0DC00F1828B /* PictureManageAppDelegate.m */ = {isa = PBXFileReference; lastKnownFileType = sourcecode.c.objc; path = PictureManageAppDelegate.m; sourceTree = "<group>"; };
		7D0084481404B0DC00F1828B /* en */ = {isa = PBXFileReference; lastKnownFileType = file.xib; name = en; path = en.lproj/MainWindow.xib; sourceTree = "<group>"; };
		7D0084561404B1C900F1828B /* HomeViewController.h */ = {isa = PBXFileReference; fileEncoding = 4; lastKnownFileType = sourcecode.c.h; path = HomeViewController.h; sourceTree = "<group>"; };
		7D0084571404B1C900F1828B /* HomeViewController.m */ = {isa = PBXFileReference; fileEncoding = 4; lastKnownFileType = sourcecode.c.objc; path = HomeViewController.m; sourceTree = "<group>"; };
		7D0084631404B37800F1828B /* HomeView.h */ = {isa = PBXFileReference; fileEncoding = 4; lastKnownFileType = sourcecode.c.h; path = HomeView.h; sourceTree = "<group>"; };
		7D0084641404B37800F1828B /* HomeView.m */ = {isa = PBXFileReference; fileEncoding = 4; lastKnownFileType = sourcecode.c.objc; path = HomeView.m; sourceTree = "<group>"; };
		7D0084661404B41000F1828B /* HomeViewDataSource.h */ = {isa = PBXFileReference; fileEncoding = 4; lastKnownFileType = sourcecode.c.h; path = HomeViewDataSource.h; sourceTree = "<group>"; };
		7D0084671404B41000F1828B /* HomeViewDataSource.m */ = {isa = PBXFileReference; fileEncoding = 4; lastKnownFileType = sourcecode.c.objc; path = HomeViewDataSource.m; sourceTree = "<group>"; };
		7D0084791404C12B00F1828B /* TableViewDataSource.h */ = {isa = PBXFileReference; fileEncoding = 4; lastKnownFileType = sourcecode.c.h; path = TableViewDataSource.h; sourceTree = "<group>"; };
		7D00847A1404C12B00F1828B /* TableViewDataSource.m */ = {isa = PBXFileReference; fileEncoding = 4; lastKnownFileType = sourcecode.c.objc; path = TableViewDataSource.m; sourceTree = "<group>"; };
		7D0ADB7B140F8DC500DB303D /* ImportPictureView.h */ = {isa = PBXFileReference; fileEncoding = 4; lastKnownFileType = sourcecode.c.h; path = ImportPictureView.h; sourceTree = "<group>"; };
		7D0ADB7C140F8DC500DB303D /* ImportPictureView.m */ = {isa = PBXFileReference; fileEncoding = 4; lastKnownFileType = sourcecode.c.objc; path = ImportPictureView.m; sourceTree = "<group>"; };
		7D2425C0140E3206006D99B2 /* ImageImporterController.h */ = {isa = PBXFileReference; fileEncoding = 4; lastKnownFileType = sourcecode.c.h; path = ImageImporterController.h; sourceTree = "<group>"; };
		7D2425C1140E3206006D99B2 /* ImageImporterController.m */ = {isa = PBXFileReference; fileEncoding = 4; lastKnownFileType = sourcecode.c.objc; path = ImageImporterController.m; sourceTree = "<group>"; };
		7D7F36F71406FE7300EBDDF8 /* AFItemView.h */ = {isa = PBXFileReference; fileEncoding = 4; lastKnownFileType = sourcecode.c.h; path = AFItemView.h; sourceTree = "<group>"; };
		7D7F36F81406FE7300EBDDF8 /* AFItemView.m */ = {isa = PBXFileReference; fileEncoding = 4; lastKnownFileType = sourcecode.c.objc; path = AFItemView.m; sourceTree = "<group>"; };
		7D7F36F91406FE7300EBDDF8 /* AFOpenFlowConstants.h */ = {isa = PBXFileReference; fileEncoding = 4; lastKnownFileType = sourcecode.c.h; path = AFOpenFlowConstants.h; sourceTree = "<group>"; };
		7D7F36FA1406FE7300EBDDF8 /* AFOpenFlowView.h */ = {isa = PBXFileReference; fileEncoding = 4; lastKnownFileType = sourcecode.c.h; path = AFOpenFlowView.h; sourceTree = "<group>"; };
		7D7F36FB1406FE7300EBDDF8 /* AFOpenFlowView.m */ = {isa = PBXFileReference; fileEncoding = 4; lastKnownFileType = sourcecode.c.objc; path = AFOpenFlowView.m; sourceTree = "<group>"; };
		7D7F36FC1406FE7300EBDDF8 /* AFUIImageReflection.h */ = {isa = PBXFileReference; fileEncoding = 4; lastKnownFileType = sourcecode.c.h; path = AFUIImageReflection.h; sourceTree = "<group>"; };
		7D7F36FD1406FE7300EBDDF8 /* AFUIImageReflection.m */ = {isa = PBXFileReference; fileEncoding = 4; lastKnownFileType = sourcecode.c.objc; path = AFUIImageReflection.m; sourceTree = "<group>"; };
		7D7F37011406FF2B00EBDDF8 /* QuartzCore.framework */ = {isa = PBXFileReference; lastKnownFileType = wrapper.framework; name = QuartzCore.framework; path = System/Library/Frameworks/QuartzCore.framework; sourceTree = SDKROOT; };
		7D7F37041406FFC800EBDDF8 /* 0.jpg */ = {isa = PBXFileReference; lastKnownFileType = image.jpeg; path = 0.jpg; sourceTree = "<group>"; };
		7D7F37051406FFC800EBDDF8 /* 1.jpg */ = {isa = PBXFileReference; lastKnownFileType = image.jpeg; path = 1.jpg; sourceTree = "<group>"; };
		7D7F37061406FFC800EBDDF8 /* 10.jpg */ = {isa = PBXFileReference; lastKnownFileType = image.jpeg; path = 10.jpg; sourceTree = "<group>"; };
		7D7F37071406FFC800EBDDF8 /* 11.jpg */ = {isa = PBXFileReference; lastKnownFileType = image.jpeg; path = 11.jpg; sourceTree = "<group>"; };
		7D7F37081406FFC800EBDDF8 /* 12.jpg */ = {isa = PBXFileReference; lastKnownFileType = image.jpeg; path = 12.jpg; sourceTree = "<group>"; };
		7D7F37091406FFC800EBDDF8 /* 13.jpg */ = {isa = PBXFileReference; lastKnownFileType = image.jpeg; path = 13.jpg; sourceTree = "<group>"; };
		7D7F370A1406FFC800EBDDF8 /* 14.jpg */ = {isa = PBXFileReference; lastKnownFileType = image.jpeg; path = 14.jpg; sourceTree = "<group>"; };
		7D7F370B1406FFC800EBDDF8 /* 15.jpg */ = {isa = PBXFileReference; lastKnownFileType = image.jpeg; path = 15.jpg; sourceTree = "<group>"; };
		7D7F370C1406FFC800EBDDF8 /* 16.jpg */ = {isa = PBXFileReference; lastKnownFileType = image.jpeg; path = 16.jpg; sourceTree = "<group>"; };
		7D7F370D1406FFC800EBDDF8 /* 17.jpg */ = {isa = PBXFileReference; lastKnownFileType = image.jpeg; path = 17.jpg; sourceTree = "<group>"; };
		7D7F370E1406FFC800EBDDF8 /* 18.jpg */ = {isa = PBXFileReference; lastKnownFileType = image.jpeg; path = 18.jpg; sourceTree = "<group>"; };
		7D7F370F1406FFC800EBDDF8 /* 19.jpg */ = {isa = PBXFileReference; lastKnownFileType = image.jpeg; path = 19.jpg; sourceTree = "<group>"; };
		7D7F37101406FFC800EBDDF8 /* 2.jpg */ = {isa = PBXFileReference; lastKnownFileType = image.jpeg; path = 2.jpg; sourceTree = "<group>"; };
		7D7F37111406FFC800EBDDF8 /* 20.jpg */ = {isa = PBXFileReference; lastKnownFileType = image.jpeg; path = 20.jpg; sourceTree = "<group>"; };
		7D7F37121406FFC800EBDDF8 /* 21.jpg */ = {isa = PBXFileReference; lastKnownFileType = image.jpeg; path = 21.jpg; sourceTree = "<group>"; };
		7D7F37131406FFC800EBDDF8 /* 22.jpg */ = {isa = PBXFileReference; lastKnownFileType = image.jpeg; path = 22.jpg; sourceTree = "<group>"; };
		7D7F37141406FFC800EBDDF8 /* 23.jpg */ = {isa = PBXFileReference; lastKnownFileType = image.jpeg; path = 23.jpg; sourceTree = "<group>"; };
		7D7F37151406FFC800EBDDF8 /* 24.jpg */ = {isa = PBXFileReference; lastKnownFileType = image.jpeg; path = 24.jpg; sourceTree = "<group>"; };
		7D7F37161406FFC800EBDDF8 /* 25.jpg */ = {isa = PBXFileReference; lastKnownFileType = image.jpeg; path = 25.jpg; sourceTree = "<group>"; };
		7D7F37171406FFC800EBDDF8 /* 26.jpg */ = {isa = PBXFileReference; lastKnownFileType = image.jpeg; path = 26.jpg; sourceTree = "<group>"; };
		7D7F37181406FFC800EBDDF8 /* 27.jpg */ = {isa = PBXFileReference; lastKnownFileType = image.jpeg; path = 27.jpg; sourceTree = "<group>"; };
		7D7F37191406FFC800EBDDF8 /* 28.jpg */ = {isa = PBXFileReference; lastKnownFileType = image.jpeg; path = 28.jpg; sourceTree = "<group>"; };
		7D7F371A1406FFC800EBDDF8 /* 29.jpg */ = {isa = PBXFileReference; lastKnownFileType = image.jpeg; path = 29.jpg; sourceTree = "<group>"; };
		7D7F371B1406FFC800EBDDF8 /* 3.jpg */ = {isa = PBXFileReference; lastKnownFileType = image.jpeg; path = 3.jpg; sourceTree = "<group>"; };
		7D7F371C1406FFC800EBDDF8 /* 4.jpg */ = {isa = PBXFileReference; lastKnownFileType = image.jpeg; path = 4.jpg; sourceTree = "<group>"; };
		7D7F371D1406FFC800EBDDF8 /* 5.jpg */ = {isa = PBXFileReference; lastKnownFileType = image.jpeg; path = 5.jpg; sourceTree = "<group>"; };
		7D7F371E1406FFC800EBDDF8 /* 6.jpg */ = {isa = PBXFileReference; lastKnownFileType = image.jpeg; path = 6.jpg; sourceTree = "<group>"; };
		7D7F371F1406FFC800EBDDF8 /* 7.jpg */ = {isa = PBXFileReference; lastKnownFileType = image.jpeg; path = 7.jpg; sourceTree = "<group>"; };
		7D7F37201406FFC800EBDDF8 /* 8.jpg */ = {isa = PBXFileReference; lastKnownFileType = image.jpeg; path = 8.jpg; sourceTree = "<group>"; };
		7D7F37211406FFC800EBDDF8 /* 9.jpg */ = {isa = PBXFileReference; lastKnownFileType = image.jpeg; path = 9.jpg; sourceTree = "<group>"; };
		7D9004191408BB7200AF6DCD /* CategoryViewController.h */ = {isa = PBXFileReference; fileEncoding = 4; lastKnownFileType = sourcecode.c.h; name = CategoryViewController.h; path = ../CategoryViewController.h; sourceTree = "<group>"; };
		7D90041A1408BB7200AF6DCD /* CategoryViewController.m */ = {isa = PBXFileReference; fileEncoding = 4; lastKnownFileType = sourcecode.c.objc; name = CategoryViewController.m; path = ../CategoryViewController.m; sourceTree = "<group>"; };
		7D90041E1408C29100AF6DCD /* CategoryDataSource.h */ = {isa = PBXFileReference; fileEncoding = 4; lastKnownFileType = sourcecode.c.h; path = CategoryDataSource.h; sourceTree = "<group>"; };
		7D90041F1408C29100AF6DCD /* CategoryDataSource.m */ = {isa = PBXFileReference; fileEncoding = 4; lastKnownFileType = sourcecode.c.objc; path = CategoryDataSource.m; sourceTree = "<group>"; };
		7D9004211408CB6000AF6DCD /* CategoryEditViewController.h */ = {isa = PBXFileReference; fileEncoding = 4; lastKnownFileType = sourcecode.c.h; path = CategoryEditViewController.h; sourceTree = "<group>"; };
		7D9004221408CB6000AF6DCD /* CategoryEditViewController.m */ = {isa = PBXFileReference; fileEncoding = 4; lastKnownFileType = sourcecode.c.objc; path = CategoryEditViewController.m; sourceTree = "<group>"; };
		7D9004361408D90E00AF6DCD /* PathHelper.h */ = {isa = PBXFileReference; fileEncoding = 4; lastKnownFileType = sourcecode.c.h; path = PathHelper.h; sourceTree = "<group>"; };
		7D9004371408D90E00AF6DCD /* PathHelper.m */ = {isa = PBXFileReference; fileEncoding = 4; lastKnownFileType = sourcecode.c.objc; path = PathHelper.m; sourceTree = "<group>"; };
		7D9004391408FA7A00AF6DCD /* add.png */ = {isa = PBXFileReference; lastKnownFileType = image.png; path = add.png; sourceTree = "<group>"; };
		7D9004471409052500AF6DCD /* Picture.h */ = {isa = PBXFileReference; fileEncoding = 4; lastKnownFileType = sourcecode.c.h; path = Picture.h; sourceTree = "<group>"; };
		7D9004481409052500AF6DCD /* Picture.m */ = {isa = PBXFileReference; fileEncoding = 4; lastKnownFileType = sourcecode.c.objc; path = Picture.m; sourceTree = "<group>"; };
		7D9B004D141081FF0013C93F /* libOAuth.a */ = {isa = PBXFileReference; lastKnownFileType = archive.ar; path = libOAuth.a; sourceTree = "<group>"; };
		7D9B004F141081FF0013C93F /* Base64Transcoder.c */ = {isa = PBXFileReference; fileEncoding = 4; lastKnownFileType = sourcecode.c.c; path = Base64Transcoder.c; sourceTree = "<group>"; };
		7D9B0050141081FF0013C93F /* Base64Transcoder.h */ = {isa = PBXFileReference; fileEncoding = 4; lastKnownFileType = sourcecode.c.h; path = Base64Transcoder.h; sourceTree = "<group>"; };
		7D9B0051141081FF0013C93F /* NSMutableURLRequest+Parameters.h */ = {isa = PBXFileReference; fileEncoding = 4; lastKnownFileType = sourcecode.c.h; path = "NSMutableURLRequest+Parameters.h"; sourceTree = "<group>"; };
		7D9B0052141081FF0013C93F /* NSMutableURLRequest+Parameters.m */ = {isa = PBXFileReference; fileEncoding = 4; lastKnownFileType = sourcecode.c.objc; path = "NSMutableURLRequest+Parameters.m"; sourceTree = "<group>"; };
		7D9B0053141081FF0013C93F /* NSString+URLEncoding.h */ = {isa = PBXFileReference; fileEncoding = 4; lastKnownFileType = sourcecode.c.h; path = "NSString+URLEncoding.h"; sourceTree = "<group>"; };
		7D9B0054141081FF0013C93F /* NSString+URLEncoding.m */ = {isa = PBXFileReference; fileEncoding = 4; lastKnownFileType = sourcecode.c.objc; path = "NSString+URLEncoding.m"; sourceTree = "<group>"; };
		7D9B0055141081FF0013C93F /* NSURL+Base.h */ = {isa = PBXFileReference; fileEncoding = 4; lastKnownFileType = sourcecode.c.h; path = "NSURL+Base.h"; sourceTree = "<group>"; };
		7D9B0056141081FF0013C93F /* NSURL+Base.m */ = {isa = PBXFileReference; fileEncoding = 4; lastKnownFileType = sourcecode.c.objc; path = "NSURL+Base.m"; sourceTree = "<group>"; };
		7D9B0057141081FF0013C93F /* OAAsynchronousDataFetcher.h */ = {isa = PBXFileReference; fileEncoding = 4; lastKnownFileType = sourcecode.c.h; path = OAAsynchronousDataFetcher.h; sourceTree = "<group>"; };
		7D9B0058141081FF0013C93F /* OAAsynchronousDataFetcher.m */ = {isa = PBXFileReference; fileEncoding = 4; lastKnownFileType = sourcecode.c.objc; path = OAAsynchronousDataFetcher.m; sourceTree = "<group>"; };
		7D9B0059141081FF0013C93F /* OAConsumer.h */ = {isa = PBXFileReference; fileEncoding = 4; lastKnownFileType = sourcecode.c.h; path = OAConsumer.h; sourceTree = "<group>"; };
		7D9B005A141081FF0013C93F /* OAConsumer.m */ = {isa = PBXFileReference; fileEncoding = 4; lastKnownFileType = sourcecode.c.objc; path = OAConsumer.m; sourceTree = "<group>"; };
		7D9B005B141081FF0013C93F /* OADataFetcher.h */ = {isa = PBXFileReference; fileEncoding = 4; lastKnownFileType = sourcecode.c.h; path = OADataFetcher.h; sourceTree = "<group>"; };
		7D9B005C141081FF0013C93F /* OADataFetcher.m */ = {isa = PBXFileReference; fileEncoding = 4; lastKnownFileType = sourcecode.c.objc; path = OADataFetcher.m; sourceTree = "<group>"; };
		7D9B005D141081FF0013C93F /* OAHMAC_SHA1SignatureProvider.h */ = {isa = PBXFileReference; fileEncoding = 4; lastKnownFileType = sourcecode.c.h; path = OAHMAC_SHA1SignatureProvider.h; sourceTree = "<group>"; };
		7D9B005E141081FF0013C93F /* OAHMAC_SHA1SignatureProvider.m */ = {isa = PBXFileReference; fileEncoding = 4; lastKnownFileType = sourcecode.c.objc; path = OAHMAC_SHA1SignatureProvider.m; sourceTree = "<group>"; };
		7D9B005F141081FF0013C93F /* OAMutableURLRequest.h */ = {isa = PBXFileReference; fileEncoding = 4; lastKnownFileType = sourcecode.c.h; path = OAMutableURLRequest.h; sourceTree = "<group>"; };
		7D9B0060141081FF0013C93F /* OAMutableURLRequest.m */ = {isa = PBXFileReference; fileEncoding = 4; lastKnownFileType = sourcecode.c.objc; path = OAMutableURLRequest.m; sourceTree = "<group>"; };
		7D9B0061141081FF0013C93F /* OAPlaintextSignatureProvider.h */ = {isa = PBXFileReference; fileEncoding = 4; lastKnownFileType = sourcecode.c.h; path = OAPlaintextSignatureProvider.h; sourceTree = "<group>"; };
		7D9B0062141081FF0013C93F /* OAPlaintextSignatureProvider.m */ = {isa = PBXFileReference; fileEncoding = 4; lastKnownFileType = sourcecode.c.objc; path = OAPlaintextSignatureProvider.m; sourceTree = "<group>"; };
		7D9B0063141081FF0013C93F /* OARequestParameter.h */ = {isa = PBXFileReference; fileEncoding = 4; lastKnownFileType = sourcecode.c.h; path = OARequestParameter.h; sourceTree = "<group>"; };
		7D9B0064141081FF0013C93F /* OARequestParameter.m */ = {isa = PBXFileReference; fileEncoding = 4; lastKnownFileType = sourcecode.c.objc; path = OARequestParameter.m; sourceTree = "<group>"; };
		7D9B0065141081FF0013C93F /* OAServiceTicket.h */ = {isa = PBXFileReference; fileEncoding = 4; lastKnownFileType = sourcecode.c.h; path = OAServiceTicket.h; sourceTree = "<group>"; };
		7D9B0066141081FF0013C93F /* OAServiceTicket.m */ = {isa = PBXFileReference; fileEncoding = 4; lastKnownFileType = sourcecode.c.objc; path = OAServiceTicket.m; sourceTree = "<group>"; };
		7D9B0067141081FF0013C93F /* OASignatureProviding.h */ = {isa = PBXFileReference; fileEncoding = 4; lastKnownFileType = sourcecode.c.h; path = OASignatureProviding.h; sourceTree = "<group>"; };
		7D9B0068141081FF0013C93F /* OAToken.h */ = {isa = PBXFileReference; fileEncoding = 4; lastKnownFileType = sourcecode.c.h; path = OAToken.h; sourceTree = "<group>"; };
		7D9B0069141081FF0013C93F /* OAToken.m */ = {isa = PBXFileReference; fileEncoding = 4; lastKnownFileType = sourcecode.c.objc; path = OAToken.m; sourceTree = "<group>"; };
		7D9B006C141081FF0013C93F /* OAuthConsumer.h */ = {isa = PBXFileReference; fileEncoding = 4; lastKnownFileType = sourcecode.c.h; path = OAuthConsumer.h; sourceTree = "<group>"; };
		7D9B006D141081FF0013C93F /* OAuthController.h */ = {isa = PBXFileReference; fileEncoding = 4; lastKnownFileType = sourcecode.c.h; path = OAuthController.h; sourceTree = "<group>"; };
		7D9B006E141081FF0013C93F /* OAuthController.m */ = {isa = PBXFileReference; fileEncoding = 4; lastKnownFileType = sourcecode.c.objc; path = OAuthController.m; sourceTree = "<group>"; };
		7D9B006F141081FF0013C93F /* OAuthEngine.h */ = {isa = PBXFileReference; fileEncoding = 4; lastKnownFileType = sourcecode.c.h; path = OAuthEngine.h; sourceTree = "<group>"; };
		7D9B0070141081FF0013C93F /* OAuthEngine.m */ = {isa = PBXFileReference; fileEncoding = 4; lastKnownFileType = sourcecode.c.objc; path = OAuthEngine.m; sourceTree = "<group>"; };
		7D9B0071141081FF0013C93F /* URLConnection.h */ = {isa = PBXFileReference; fileEncoding = 4; lastKnownFileType = sourcecode.c.h; path = URLConnection.h; sourceTree = "<group>"; };
		7D9B0072141081FF0013C93F /* URLConnection.m */ = {isa = PBXFileReference; fileEncoding = 4; lastKnownFileType = sourcecode.c.objc; path = URLConnection.m; sourceTree = "<group>"; };
		7D9B0073141081FF0013C93F /* WeiboClient.h */ = {isa = PBXFileReference; fileEncoding = 4; lastKnownFileType = sourcecode.c.h; path = WeiboClient.h; sourceTree = "<group>"; };
		7D9B0074141081FF0013C93F /* WeiboClient.m */ = {isa = PBXFileReference; fileEncoding = 4; lastKnownFileType = sourcecode.c.objc; path = WeiboClient.m; sourceTree = "<group>"; };
		7D9B0089141082A90013C93F /* GlobalCore.h */ = {isa = PBXFileReference; fileEncoding = 4; lastKnownFileType = sourcecode.c.h; path = GlobalCore.h; sourceTree = "<group>"; };
		7D9B008A141082A90013C93F /* GlobalCore.m */ = {isa = PBXFileReference; fileEncoding = 4; lastKnownFileType = sourcecode.c.objc; path = GlobalCore.m; sourceTree = "<group>"; };
		7D9B008C141082A90013C93F /* ColorUtils.h */ = {isa = PBXFileReference; fileEncoding = 4; lastKnownFileType = sourcecode.c.h; path = ColorUtils.h; sourceTree = "<group>"; };
		7D9B008D141082A90013C93F /* ColorUtils.m */ = {isa = PBXFileReference; fileEncoding = 4; lastKnownFileType = sourcecode.c.objc; path = ColorUtils.m; sourceTree = "<group>"; };
		7D9B008E141082A90013C93F /* DebugUtils.h */ = {isa = PBXFileReference; fileEncoding = 4; lastKnownFileType = sourcecode.c.h; path = DebugUtils.h; sourceTree = "<group>"; };
		7D9B008F141082A90013C93F /* ImageUtils.h */ = {isa = PBXFileReference; fileEncoding = 4; lastKnownFileType = sourcecode.c.h; path = ImageUtils.h; sourceTree = "<group>"; };
		7D9B0090141082A90013C93F /* ImageUtils.m */ = {isa = PBXFileReference; fileEncoding = 4; lastKnownFileType = sourcecode.c.objc; path = ImageUtils.m; sourceTree = "<group>"; };
		7D9B0091141082A90013C93F /* QuartzUtils.c */ = {isa = PBXFileReference; fileEncoding = 4; lastKnownFileType = sourcecode.c.c; path = QuartzUtils.c; sourceTree = "<group>"; };
		7D9B0092141082A90013C93F /* QuartzUtils.h */ = {isa = PBXFileReference; fileEncoding = 4; lastKnownFileType = sourcecode.c.h; path = QuartzUtils.h; sourceTree = "<group>"; };
		7D9B0093141082A90013C93F /* REString.h */ = {isa = PBXFileReference; fileEncoding = 4; lastKnownFileType = sourcecode.c.h; path = REString.h; sourceTree = "<group>"; };
		7D9B0094141082A90013C93F /* REString.m */ = {isa = PBXFileReference; fileEncoding = 4; lastKnownFileType = sourcecode.c.objc; path = REString.m; sourceTree = "<group>"; };
		7D9B0095141082A90013C93F /* StringUtil.h */ = {isa = PBXFileReference; fileEncoding = 4; lastKnownFileType = sourcecode.c.h; path = StringUtil.h; sourceTree = "<group>"; };
		7D9B0096141082A90013C93F /* StringUtil.m */ = {isa = PBXFileReference; fileEncoding = 4; lastKnownFileType = sourcecode.c.objc; path = StringUtil.m; sourceTree = "<group>"; };
		7D9B0097141082A90013C93F /* TimeUtils.h */ = {isa = PBXFileReference; fileEncoding = 4; lastKnownFileType = sourcecode.c.h; path = TimeUtils.h; sourceTree = "<group>"; };
		7D9B0098141082A90013C93F /* TimeUtils.m */ = {isa = PBXFileReference; fileEncoding = 4; lastKnownFileType = sourcecode.c.objc; path = TimeUtils.m; sourceTree = "<group>"; };
		7D9B00A1141082F70013C93F /* Comment.h */ = {isa = PBXFileReference; fileEncoding = 4; lastKnownFileType = sourcecode.c.h; path = Comment.h; sourceTree = "<group>"; };
		7D9B00A2141082F70013C93F /* Comment.m */ = {isa = PBXFileReference; fileEncoding = 4; lastKnownFileType = sourcecode.c.objc; path = Comment.m; sourceTree = "<group>"; };
		7D9B00A4141082F70013C93F /* DBConnection.h */ = {isa = PBXFileReference; fileEncoding = 4; lastKnownFileType = sourcecode.c.h; path = DBConnection.h; sourceTree = "<group>"; };
		7D9B00A5141082F70013C93F /* DBConnection.m */ = {isa = PBXFileReference; fileEncoding = 4; lastKnownFileType = sourcecode.c.objc; path = DBConnection.m; sourceTree = "<group>"; };
		7D9B00A6141082F70013C93F /* Statement.h */ = {isa = PBXFileReference; fileEncoding = 4; lastKnownFileType = sourcecode.c.h; path = Statement.h; sourceTree = "<group>"; };
		7D9B00A7141082F70013C93F /* Statement.m */ = {isa = PBXFileReference; fileEncoding = 4; lastKnownFileType = sourcecode.c.objc; path = Statement.m; sourceTree = "<group>"; };
		7D9B00A8141082F70013C93F /* DirectMessage.h */ = {isa = PBXFileReference; fileEncoding = 4; lastKnownFileType = sourcecode.c.h; path = DirectMessage.h; sourceTree = "<group>"; };
		7D9B00A9141082F70013C93F /* DirectMessage.m */ = {isa = PBXFileReference; fileEncoding = 4; lastKnownFileType = sourcecode.c.objc; path = DirectMessage.m; sourceTree = "<group>"; };
		7D9B00AA141082F70013C93F /* Draft.h */ = {isa = PBXFileReference; fileEncoding = 4; lastKnownFileType = sourcecode.c.h; path = Draft.h; sourceTree = "<group>"; };
		7D9B00AB141082F70013C93F /* Draft.m */ = {isa = PBXFileReference; fileEncoding = 4; lastKnownFileType = sourcecode.c.objc; path = Draft.m; sourceTree = "<group>"; };
		7D9B00AC141082F70013C93F /* DummyGapStatus.h */ = {isa = PBXFileReference; fileEncoding = 4; lastKnownFileType = sourcecode.c.h; path = DummyGapStatus.h; sourceTree = "<group>"; };
		7D9B00AD141082F70013C93F /* DummyGapStatus.m */ = {isa = PBXFileReference; fileEncoding = 4; lastKnownFileType = sourcecode.c.objc; path = DummyGapStatus.m; sourceTree = "<group>"; };
		7D9B00AE141082F70013C93F /* Status.h */ = {isa = PBXFileReference; fileEncoding = 4; lastKnownFileType = sourcecode.c.h; path = Status.h; sourceTree = "<group>"; };
		7D9B00AF141082F70013C93F /* Status.m */ = {isa = PBXFileReference; fileEncoding = 4; lastKnownFileType = sourcecode.c.objc; path = Status.m; sourceTree = "<group>"; };
		7D9B00B0141082F70013C93F /* User.h */ = {isa = PBXFileReference; fileEncoding = 4; lastKnownFileType = sourcecode.c.h; path = User.h; sourceTree = "<group>"; };
		7D9B00B1141082F70013C93F /* User.m */ = {isa = PBXFileReference; fileEncoding = 4; lastKnownFileType = sourcecode.c.objc; path = User.m; sourceTree = "<group>"; };
		7D9B00BD141083230013C93F /* NSDataAdditions.h */ = {isa = PBXFileReference; fileEncoding = 4; lastKnownFileType = sourcecode.c.h; path = NSDataAdditions.h; sourceTree = "<group>"; };
		7D9B00BE141083230013C93F /* NSDataAdditions.m */ = {isa = PBXFileReference; fileEncoding = 4; lastKnownFileType = sourcecode.c.objc; path = NSDataAdditions.m; sourceTree = "<group>"; };
		7D9B00BF141083230013C93F /* NSDictionaryAdditions.h */ = {isa = PBXFileReference; fileEncoding = 4; lastKnownFileType = sourcecode.c.h; path = NSDictionaryAdditions.h; sourceTree = "<group>"; };
		7D9B00C0141083230013C93F /* NSDictionaryAdditions.m */ = {isa = PBXFileReference; fileEncoding = 4; lastKnownFileType = sourcecode.c.objc; path = NSDictionaryAdditions.m; sourceTree = "<group>"; };
		7D9B00C1141083230013C93F /* NSStringAdditions.h */ = {isa = PBXFileReference; fileEncoding = 4; lastKnownFileType = sourcecode.c.h; path = NSStringAdditions.h; sourceTree = "<group>"; };
		7D9B00C2141083230013C93F /* NSStringAdditions.m */ = {isa = PBXFileReference; fileEncoding = 4; lastKnownFileType = sourcecode.c.objc; path = NSStringAdditions.m; sourceTree = "<group>"; };
		7D9B00C3141083230013C93F /* UIColorAdditions.h */ = {isa = PBXFileReference; fileEncoding = 4; lastKnownFileType = sourcecode.c.h; path = UIColorAdditions.h; sourceTree = "<group>"; };
		7D9B00C4141083230013C93F /* UIColorAdditions.m */ = {isa = PBXFileReference; fileEncoding = 4; lastKnownFileType = sourcecode.c.objc; path = UIColorAdditions.m; sourceTree = "<group>"; };
		7D9B00C5141083230013C93F /* UIFontAdditions.h */ = {isa = PBXFileReference; fileEncoding = 4; lastKnownFileType = sourcecode.c.h; path = UIFontAdditions.h; sourceTree = "<group>"; };
		7D9B00C6141083230013C93F /* UIFontAdditions.m */ = {isa = PBXFileReference; fileEncoding = 4; lastKnownFileType = sourcecode.c.objc; path = UIFontAdditions.m; sourceTree = "<group>"; };
		7D9B00C7141083230013C93F /* UIImage+Alpha.h */ = {isa = PBXFileReference; fileEncoding = 4; lastKnownFileType = sourcecode.c.h; path = "UIImage+Alpha.h"; sourceTree = "<group>"; };
		7D9B00C8141083230013C93F /* UIImage+Alpha.m */ = {isa = PBXFileReference; fileEncoding = 4; lastKnownFileType = sourcecode.c.objc; path = "UIImage+Alpha.m"; sourceTree = "<group>"; };
		7D9B00C9141083230013C93F /* UIImage+Resize.h */ = {isa = PBXFileReference; fileEncoding = 4; lastKnownFileType = sourcecode.c.h; name = "UIImage+Resize.h"; path = "../../Classes/share/sinna/Additions/UIImage+Resize.h"; sourceTree = "<group>"; };
		7D9B00CA141083230013C93F /* UIImage+Resize.m */ = {isa = PBXFileReference; fileEncoding = 4; lastKnownFileType = sourcecode.c.objc; name = "UIImage+Resize.m"; path = "../../Classes/share/sinna/Additions/UIImage+Resize.m"; sourceTree = "<group>"; };
		7D9B00CB141083230013C93F /* UIImage+RoundedCorner.h */ = {isa = PBXFileReference; fileEncoding = 4; lastKnownFileType = sourcecode.c.h; path = "UIImage+RoundedCorner.h"; sourceTree = "<group>"; };
		7D9B00CC141083230013C93F /* UIImage+RoundedCorner.m */ = {isa = PBXFileReference; fileEncoding = 4; lastKnownFileType = sourcecode.c.objc; path = "UIImage+RoundedCorner.m"; sourceTree = "<group>"; };
		7D9B00CD141083230013C93F /* UITextViewAdditions.h */ = {isa = PBXFileReference; fileEncoding = 4; lastKnownFileType = sourcecode.c.h; path = UITextViewAdditions.h; sourceTree = "<group>"; };
		7D9B00CE141083230013C93F /* UITextViewAdditions.m */ = {isa = PBXFileReference; fileEncoding = 4; lastKnownFileType = sourcecode.c.objc; path = UITextViewAdditions.m; sourceTree = "<group>"; };
		7D9B00CF141083230013C93F /* UIView+Hierarchy.h */ = {isa = PBXFileReference; fileEncoding = 4; lastKnownFileType = sourcecode.c.h; path = "UIView+Hierarchy.h"; sourceTree = "<group>"; };
		7D9B00D0141083230013C93F /* UIView+Hierarchy.m */ = {isa = PBXFileReference; fileEncoding = 4; lastKnownFileType = sourcecode.c.objc; path = "UIView+Hierarchy.m"; sourceTree = "<group>"; };
		7D9B00D1141083230013C93F /* UIViewAdditions.h */ = {isa = PBXFileReference; fileEncoding = 4; lastKnownFileType = sourcecode.c.h; path = UIViewAdditions.h; sourceTree = "<group>"; };
		7D9B00D2141083230013C93F /* UIViewAdditions.m */ = {isa = PBXFileReference; fileEncoding = 4; lastKnownFileType = sourcecode.c.objc; path = UIViewAdditions.m; sourceTree = "<group>"; };
		7D9B00DF141083590013C93F /* RegexKitLite.h */ = {isa = PBXFileReference; fileEncoding = 4; lastKnownFileType = sourcecode.c.h; name = RegexKitLite.h; path = sinna/RegexKitLite.h; sourceTree = "<group>"; };
		7D9B00E0141083590013C93F /* RegexKitLite.m */ = {isa = PBXFileReference; fileEncoding = 4; lastKnownFileType = sourcecode.c.objc; name = RegexKitLite.m; path = sinna/RegexKitLite.m; sourceTree = "<group>"; };
		7D9B00E3141083BE0013C93F /* JSON.h */ = {isa = PBXFileReference; fileEncoding = 4; lastKnownFileType = sourcecode.c.h; path = JSON.h; sourceTree = "<group>"; };
		7D9B00E4141083BE0013C93F /* NSObject+SBJSON.h */ = {isa = PBXFileReference; fileEncoding = 4; lastKnownFileType = sourcecode.c.h; path = "NSObject+SBJSON.h"; sourceTree = "<group>"; };
		7D9B00E5141083BE0013C93F /* NSObject+SBJSON.m */ = {isa = PBXFileReference; fileEncoding = 4; lastKnownFileType = sourcecode.c.objc; path = "NSObject+SBJSON.m"; sourceTree = "<group>"; };
		7D9B00E6141083BE0013C93F /* NSString+SBJSON.h */ = {isa = PBXFileReference; fileEncoding = 4; lastKnownFileType = sourcecode.c.h; path = "NSString+SBJSON.h"; sourceTree = "<group>"; };
		7D9B00E7141083BE0013C93F /* NSString+SBJSON.m */ = {isa = PBXFileReference; fileEncoding = 4; lastKnownFileType = sourcecode.c.objc; path = "NSString+SBJSON.m"; sourceTree = "<group>"; };
		7D9B00E8141083BE0013C93F /* SBJsonBase.h */ = {isa = PBXFileReference; fileEncoding = 4; lastKnownFileType = sourcecode.c.h; path = SBJsonBase.h; sourceTree = "<group>"; };
		7D9B00E9141083BE0013C93F /* SBJsonBase.m */ = {isa = PBXFileReference; fileEncoding = 4; lastKnownFileType = sourcecode.c.objc; path = SBJsonBase.m; sourceTree = "<group>"; };
		7D9B00EA141083BE0013C93F /* SBJsonParser.h */ = {isa = PBXFileReference; fileEncoding = 4; lastKnownFileType = sourcecode.c.h; path = SBJsonParser.h; sourceTree = "<group>"; };
		7D9B00EB141083BE0013C93F /* SBJsonParser.m */ = {isa = PBXFileReference; fileEncoding = 4; lastKnownFileType = sourcecode.c.objc; path = SBJsonParser.m; sourceTree = "<group>"; };
		7D9B00EC141083BE0013C93F /* SBJsonStreamWriter.h */ = {isa = PBXFileReference; fileEncoding = 4; lastKnownFileType = sourcecode.c.h; path = SBJsonStreamWriter.h; sourceTree = "<group>"; };
		7D9B00ED141083BE0013C93F /* SBJsonStreamWriter.m */ = {isa = PBXFileReference; fileEncoding = 4; lastKnownFileType = sourcecode.c.objc; path = SBJsonStreamWriter.m; sourceTree = "<group>"; };
		7D9B00EE141083BE0013C93F /* SBJsonWriter.h */ = {isa = PBXFileReference; fileEncoding = 4; lastKnownFileType = sourcecode.c.h; path = SBJsonWriter.h; sourceTree = "<group>"; };
		7D9B00EF141083BE0013C93F /* SBJsonWriter.m */ = {isa = PBXFileReference; fileEncoding = 4; lastKnownFileType = sourcecode.c.objc; path = SBJsonWriter.m; sourceTree = "<group>"; };
		7D9B00F0141083BE0013C93F /* SBProxyForJson.h */ = {isa = PBXFileReference; fileEncoding = 4; lastKnownFileType = sourcecode.c.h; path = SBProxyForJson.h; sourceTree = "<group>"; };
		7D9B00FD1410846D0013C93F /* UIKit.framework */ = {isa = PBXFileReference; lastKnownFileType = wrapper.framework; name = UIKit.framework; path = System/Library/Frameworks/UIKit.framework; sourceTree = SDKROOT; };
		7D9B00FF1410847B0013C93F /* CFNetwork.framework */ = {isa = PBXFileReference; lastKnownFileType = wrapper.framework; name = CFNetwork.framework; path = System/Library/Frameworks/CFNetwork.framework; sourceTree = SDKROOT; };
		7D9B0101141084820013C93F /* MobileCoreServices.framework */ = {isa = PBXFileReference; lastKnownFileType = wrapper.framework; name = MobileCoreServices.framework; path = System/Library/Frameworks/MobileCoreServices.framework; sourceTree = SDKROOT; };
		7D9B01031410848D0013C93F /* Security.framework */ = {isa = PBXFileReference; lastKnownFileType = wrapper.framework; name = Security.framework; path = System/Library/Frameworks/Security.framework; sourceTree = SDKROOT; };
		7D9B01041410848D0013C93F /* SystemConfiguration.framework */ = {isa = PBXFileReference; lastKnownFileType = wrapper.framework; name = SystemConfiguration.framework; path = System/Library/Frameworks/SystemConfiguration.framework; sourceTree = SDKROOT; };
		7D9B0107141084CF0013C93F /* libicucore.dylib */ = {isa = PBXFileReference; lastKnownFileType = "compiled.mach-o.dylib"; name = libicucore.dylib; path = usr/lib/libicucore.dylib; sourceTree = SDKROOT; };
		7D9B0108141084CF0013C93F /* libz.1.2.3.dylib */ = {isa = PBXFileReference; lastKnownFileType = "compiled.mach-o.dylib"; name = libz.1.2.3.dylib; path = usr/lib/libz.1.2.3.dylib; sourceTree = SDKROOT; };
		7D9B0109141084CF0013C93F /* libsqlite3.dylib */ = {isa = PBXFileReference; lastKnownFileType = "compiled.mach-o.dylib"; name = libsqlite3.dylib; path = usr/lib/libsqlite3.dylib; sourceTree = SDKROOT; };
		7D9B010E1410950E0013C93F /* ShareEditViewController.h */ = {isa = PBXFileReference; fileEncoding = 4; lastKnownFileType = sourcecode.c.h; path = ShareEditViewController.h; sourceTree = "<group>"; };
		7D9B010F1410950E0013C93F /* ShareEditViewController.m */ = {isa = PBXFileReference; fileEncoding = 4; lastKnownFileType = sourcecode.c.objc; path = ShareEditViewController.m; sourceTree = "<group>"; };
		7DCC8EEB1411BB3D00666B02 /* UIImage+Compress.h */ = {isa = PBXFileReference; fileEncoding = 4; lastKnownFileType = sourcecode.c.h; path = "UIImage+Compress.h"; sourceTree = "<group>"; };
		7DCC8EEC1411BB3D00666B02 /* UIImage+Compress.m */ = {isa = PBXFileReference; fileEncoding = 4; lastKnownFileType = sourcecode.c.objc; path = "UIImage+Compress.m"; sourceTree = "<group>"; };
		7DEBA80C1409FD5F00801F3C /* PictureDetailViewController.h */ = {isa = PBXFileReference; fileEncoding = 4; lastKnownFileType = sourcecode.c.h; path = PictureDetailViewController.h; sourceTree = "<group>"; };
		7DEBA80D1409FD5F00801F3C /* PictureDetailViewController.m */ = {isa = PBXFileReference; fileEncoding = 4; lastKnownFileType = sourcecode.c.objc; path = PictureDetailViewController.m; sourceTree = "<group>"; };
		7DEFE8D1140688E900D684EC /* HomeViewImageCell.h */ = {isa = PBXFileReference; fileEncoding = 4; lastKnownFileType = sourcecode.c.h; path = HomeViewImageCell.h; sourceTree = "<group>"; };
		7DEFE8D2140688E900D684EC /* HomeViewImageCell.m */ = {isa = PBXFileReference; fileEncoding = 4; lastKnownFileType = sourcecode.c.objc; path = HomeViewImageCell.m; sourceTree = "<group>"; };
		7DEFE8F014069F6E00D684EC /* ImageView.h */ = {isa = PBXFileReference; fileEncoding = 4; lastKnownFileType = sourcecode.c.h; path = ImageView.h; sourceTree = "<group>"; };
		7DEFE8F114069F6E00D684EC /* ImageView.m */ = {isa = PBXFileReference; fileEncoding = 4; lastKnownFileType = sourcecode.c.objc; path = ImageView.m; sourceTree = "<group>"; };
		A9CEFE4F1409D9B50027926E /* DialogView.h */ = {isa = PBXFileReference; fileEncoding = 4; lastKnownFileType = sourcecode.c.h; name = DialogView.h; path = ../DialogView.h; sourceTree = "<group>"; };
		A9CEFE501409D9B50027926E /* DialogView.m */ = {isa = PBXFileReference; fileEncoding = 4; lastKnownFileType = sourcecode.c.objc; name = DialogView.m; path = ../DialogView.m; sourceTree = "<group>"; };
		A9CEFE531409D9FE0027926E /* ImageSavingOperation.h */ = {isa = PBXFileReference; fileEncoding = 4; lastKnownFileType = sourcecode.c.h; path = ImageSavingOperation.h; sourceTree = "<group>"; };
		A9CEFE541409D9FE0027926E /* ImageSavingOperation.m */ = {isa = PBXFileReference; fileEncoding = 4; lastKnownFileType = sourcecode.c.objc; path = ImageSavingOperation.m; sourceTree = "<group>"; };
		A9CEFE551409D9FE0027926E /* RotateUIImage.h */ = {isa = PBXFileReference; fileEncoding = 4; lastKnownFileType = sourcecode.c.h; path = RotateUIImage.h; sourceTree = "<group>"; };
		A9CEFE561409D9FE0027926E /* RotateUIImage.m */ = {isa = PBXFileReference; fileEncoding = 4; lastKnownFileType = sourcecode.c.objc; path = RotateUIImage.m; sourceTree = "<group>"; };
		A9CEFE5A1409DCA10027926E /* Hash.h */ = {isa = PBXFileReference; fileEncoding = 4; lastKnownFileType = sourcecode.c.h; path = Hash.h; sourceTree = "<group>"; };
		A9CEFE5B1409DCA10027926E /* Hash.m */ = {isa = PBXFileReference; fileEncoding = 4; lastKnownFileType = sourcecode.c.objc; path = Hash.m; sourceTree = "<group>"; };
		A9CEFE5D1409DCCD0027926E /* DialogView.xib */ = {isa = PBXFileReference; fileEncoding = 4; lastKnownFileType = file.xib; name = DialogView.xib; path = ../DialogView.xib; sourceTree = "<group>"; };
/* End PBXFileReference section */

/* Begin PBXFrameworksBuildPhase section */
		7D00842E1404B0DC00F1828B /* Frameworks */ = {
			isa = PBXFrameworksBuildPhase;
			buildActionMask = 2147483647;
			files = (
				7D0084361404B0DC00F1828B /* UIKit.framework in Frameworks */,
				7D0084381404B0DC00F1828B /* Foundation.framework in Frameworks */,
				7D00843A1404B0DC00F1828B /* CoreGraphics.framework in Frameworks */,
				7D7F37021406FF2B00EBDDF8 /* QuartzCore.framework in Frameworks */,
				7D9B0075141081FF0013C93F /* libOAuth.a in Frameworks */,
				7D9B00FE1410846D0013C93F /* UIKit.framework in Frameworks */,
				7D9B01001410847B0013C93F /* CFNetwork.framework in Frameworks */,
				7D9B0102141084820013C93F /* MobileCoreServices.framework in Frameworks */,
				7D9B01051410848D0013C93F /* Security.framework in Frameworks */,
				7D9B01061410848D0013C93F /* SystemConfiguration.framework in Frameworks */,
				7D9B010A141084CF0013C93F /* libicucore.dylib in Frameworks */,
				7D9B010B141084CF0013C93F /* libz.1.2.3.dylib in Frameworks */,
				7D9B010C141084CF0013C93F /* libsqlite3.dylib in Frameworks */,
			);
			runOnlyForDeploymentPostprocessing = 0;
		};
/* End PBXFrameworksBuildPhase section */

/* Begin PBXGroup section */
		7D0084261404B0DC00F1828B = {
			isa = PBXGroup;
			children = (
				7D00843B1404B0DC00F1828B /* PictureManage */,
				7D0084341404B0DC00F1828B /* Frameworks */,
				7D0084321404B0DC00F1828B /* Products */,
			);
			sourceTree = "<group>";
		};
		7D0084321404B0DC00F1828B /* Products */ = {
			isa = PBXGroup;
			children = (
				7D0084311404B0DC00F1828B /* PictureManage.app */,
			);
			name = Products;
			sourceTree = "<group>";
		};
		7D0084341404B0DC00F1828B /* Frameworks */ = {
			isa = PBXGroup;
			children = (
				7D9B0107141084CF0013C93F /* libicucore.dylib */,
				7D9B0108141084CF0013C93F /* libz.1.2.3.dylib */,
				7D9B0109141084CF0013C93F /* libsqlite3.dylib */,
				7D9B01031410848D0013C93F /* Security.framework */,
				7D9B01041410848D0013C93F /* SystemConfiguration.framework */,
				7D9B0101141084820013C93F /* MobileCoreServices.framework */,
				7D9B00FF1410847B0013C93F /* CFNetwork.framework */,
				7D9B00FD1410846D0013C93F /* UIKit.framework */,
				7D7F37011406FF2B00EBDDF8 /* QuartzCore.framework */,
				7D0084351404B0DC00F1828B /* UIKit.framework */,
				7D0084371404B0DC00F1828B /* Foundation.framework */,
				7D0084391404B0DC00F1828B /* CoreGraphics.framework */,
			);
			name = Frameworks;
			sourceTree = "<group>";
		};
		7D00843B1404B0DC00F1828B /* PictureManage */ = {
			isa = PBXGroup;
			children = (
				7DCC8EE91411BB1700666B02 /* Additions */,
				A9CEFE591409DC830027926E /* ThirdPart */,
				A9CEFE4B1409D9860027926E /* ImageImpoter */,
				7D9004461409034200AF6DCD /* Models */,
				7D7F36F51406FE4600EBDDF8 /* Classes */,
				7DEFE8ED14069A2B00D684EC /* Images */,
				7D0084621404B32B00F1828B /* DataSource */,
				7D0084611404B2F900F1828B /* Views */,
				7D0084551404B10C00F1828B /* ViewControllers */,
				7D00843C1404B0DC00F1828B /* Supporting Files */,
			);
			path = PictureManage;
			sourceTree = "<group>";
		};
		7D00843C1404B0DC00F1828B /* Supporting Files */ = {
			isa = PBXGroup;
			children = (
				7D0084441404B0DC00F1828B /* PictureManageAppDelegate.h */,
				7D0084451404B0DC00F1828B /* PictureManageAppDelegate.m */,
				7D0084471404B0DC00F1828B /* MainWindow.xib */,
				7D00843D1404B0DC00F1828B /* PictureManage-Info.plist */,
				7D00843E1404B0DC00F1828B /* InfoPlist.strings */,
				7D0084411404B0DC00F1828B /* PictureManage-Prefix.pch */,
				7D0084421404B0DC00F1828B /* main.m */,
			);
			name = "Supporting Files";
			sourceTree = "<group>";
		};
		7D0084551404B10C00F1828B /* ViewControllers */ = {
			isa = PBXGroup;
			children = (
				7D9B010D141094FF0013C93F /* ShareEditViewController */,
				7D2425BE140E30F5006D99B2 /* ImageImporterController */,
				7D90041D1408C26A00AF6DCD /* CategoryController */,
				7D0084561404B1C900F1828B /* HomeViewController.h */,
				7D0084571404B1C900F1828B /* HomeViewController.m */,
				7DEBA80C1409FD5F00801F3C /* PictureDetailViewController.h */,
				7DEBA80D1409FD5F00801F3C /* PictureDetailViewController.m */,
			);
			path = ViewControllers;
			sourceTree = "<group>";
		};
		7D0084611404B2F900F1828B /* Views */ = {
			isa = PBXGroup;
			children = (
				A9CEFE4F1409D9B50027926E /* DialogView.h */,
				A9CEFE501409D9B50027926E /* DialogView.m */,
				A9CEFE5D1409DCCD0027926E /* DialogView.xib */,
				7DEFE8F014069F6E00D684EC /* ImageView.h */,
				7DEFE8F114069F6E00D684EC /* ImageView.m */,
				7D0084631404B37800F1828B /* HomeView.h */,
				7D0084641404B37800F1828B /* HomeView.m */,
				7DEFE8D1140688E900D684EC /* HomeViewImageCell.h */,
				7DEFE8D2140688E900D684EC /* HomeViewImageCell.m */,
				7D0ADB7B140F8DC500DB303D /* ImportPictureView.h */,
				7D0ADB7C140F8DC500DB303D /* ImportPictureView.m */,
			);
			path = Views;
			sourceTree = "<group>";
		};
		7D0084621404B32B00F1828B /* DataSource */ = {
			isa = PBXGroup;
			children = (
				7D90041E1408C29100AF6DCD /* CategoryDataSource.h */,
				7D90041F1408C29100AF6DCD /* CategoryDataSource.m */,
				7D0084661404B41000F1828B /* HomeViewDataSource.h */,
				7D0084671404B41000F1828B /* HomeViewDataSource.m */,
				7D0084791404C12B00F1828B /* TableViewDataSource.h */,
				7D00847A1404C12B00F1828B /* TableViewDataSource.m */,
			);
			path = DataSource;
			sourceTree = "<group>";
		};
		7D2425BE140E30F5006D99B2 /* ImageImporterController */ = {
			isa = PBXGroup;
			children = (
				7D2425C0140E3206006D99B2 /* ImageImporterController.h */,
				7D2425C1140E3206006D99B2 /* ImageImporterController.m */,
			);
			path = ImageImporterController;
			sourceTree = "<group>";
		};
		7D7F36F51406FE4600EBDDF8 /* Classes */ = {
			isa = PBXGroup;
			children = (
				7D9B00E2141083BE0013C93F /* JSON */,
				7D9BFF8014107F110013C93F /* share */,
				7D9004351408D8FD00AF6DCD /* Uity */,
				7D7F36F61406FE7300EBDDF8 /* OpenFlow */,
			);
			path = Classes;
			sourceTree = SOURCE_ROOT;
		};
		7D7F36F61406FE7300EBDDF8 /* OpenFlow */ = {
			isa = PBXGroup;
			children = (
				7D7F36F71406FE7300EBDDF8 /* AFItemView.h */,
				7D7F36F81406FE7300EBDDF8 /* AFItemView.m */,
				7D7F36F91406FE7300EBDDF8 /* AFOpenFlowConstants.h */,
				7D7F36FA1406FE7300EBDDF8 /* AFOpenFlowView.h */,
				7D7F36FB1406FE7300EBDDF8 /* AFOpenFlowView.m */,
				7D7F36FC1406FE7300EBDDF8 /* AFUIImageReflection.h */,
				7D7F36FD1406FE7300EBDDF8 /* AFUIImageReflection.m */,
			);
			path = OpenFlow;
			sourceTree = "<group>";
		};
		7D7F37031406FFC800EBDDF8 /* Sample Images */ = {
			isa = PBXGroup;
			children = (
				7D7F37041406FFC800EBDDF8 /* 0.jpg */,
				7D7F37051406FFC800EBDDF8 /* 1.jpg */,
				7D7F37061406FFC800EBDDF8 /* 10.jpg */,
				7D7F37071406FFC800EBDDF8 /* 11.jpg */,
				7D7F37081406FFC800EBDDF8 /* 12.jpg */,
				7D7F37091406FFC800EBDDF8 /* 13.jpg */,
				7D7F370A1406FFC800EBDDF8 /* 14.jpg */,
				7D7F370B1406FFC800EBDDF8 /* 15.jpg */,
				7D7F370C1406FFC800EBDDF8 /* 16.jpg */,
				7D7F370D1406FFC800EBDDF8 /* 17.jpg */,
				7D7F370E1406FFC800EBDDF8 /* 18.jpg */,
				7D7F370F1406FFC800EBDDF8 /* 19.jpg */,
				7D7F37101406FFC800EBDDF8 /* 2.jpg */,
				7D7F37111406FFC800EBDDF8 /* 20.jpg */,
				7D7F37121406FFC800EBDDF8 /* 21.jpg */,
				7D7F37131406FFC800EBDDF8 /* 22.jpg */,
				7D7F37141406FFC800EBDDF8 /* 23.jpg */,
				7D7F37151406FFC800EBDDF8 /* 24.jpg */,
				7D7F37161406FFC800EBDDF8 /* 25.jpg */,
				7D7F37171406FFC800EBDDF8 /* 26.jpg */,
				7D7F37181406FFC800EBDDF8 /* 27.jpg */,
				7D7F37191406FFC800EBDDF8 /* 28.jpg */,
				7D7F371A1406FFC800EBDDF8 /* 29.jpg */,
				7D7F371B1406FFC800EBDDF8 /* 3.jpg */,
				7D7F371C1406FFC800EBDDF8 /* 4.jpg */,
				7D7F371D1406FFC800EBDDF8 /* 5.jpg */,
				7D7F371E1406FFC800EBDDF8 /* 6.jpg */,
				7D7F371F1406FFC800EBDDF8 /* 7.jpg */,
				7D7F37201406FFC800EBDDF8 /* 8.jpg */,
				7D7F37211406FFC800EBDDF8 /* 9.jpg */,
			);
			path = "Sample Images";
			sourceTree = "<group>";
		};
		7D90041D1408C26A00AF6DCD /* CategoryController */ = {
			isa = PBXGroup;
			children = (
				7D9004191408BB7200AF6DCD /* CategoryViewController.h */,
				7D90041A1408BB7200AF6DCD /* CategoryViewController.m */,
				7D9004211408CB6000AF6DCD /* CategoryEditViewController.h */,
				7D9004221408CB6000AF6DCD /* CategoryEditViewController.m */,
			);
			path = CategoryController;
			sourceTree = "<group>";
		};
		7D9004351408D8FD00AF6DCD /* Uity */ = {
			isa = PBXGroup;
			children = (
				7D9004361408D90E00AF6DCD /* PathHelper.h */,
				7D9004371408D90E00AF6DCD /* PathHelper.m */,
			);
			name = Uity;
			path = PictureManage/ViewControllers/CategoryController/Uity;
			sourceTree = SOURCE_ROOT;
		};
		7D9004461409034200AF6DCD /* Models */ = {
			isa = PBXGroup;
			children = (
				7D9004471409052500AF6DCD /* Picture.h */,
				7D9004481409052500AF6DCD /* Picture.m */,
			);
			name = Models;
			path = Views/Models;
			sourceTree = "<group>";
		};
		7D9B004C141081FF0013C93F /* WeiboEngine */ = {
			isa = PBXGroup;
			children = (
				7D9B004D141081FF0013C93F /* libOAuth.a */,
				7D9B004E141081FF0013C93F /* OAuthConsumer */,
				7D9B006D141081FF0013C93F /* OAuthController.h */,
				7D9B006E141081FF0013C93F /* OAuthController.m */,
				7D9B006F141081FF0013C93F /* OAuthEngine.h */,
				7D9B0070141081FF0013C93F /* OAuthEngine.m */,
				7D9B0071141081FF0013C93F /* URLConnection.h */,
				7D9B0072141081FF0013C93F /* URLConnection.m */,
				7D9B0073141081FF0013C93F /* WeiboClient.h */,
				7D9B0074141081FF0013C93F /* WeiboClient.m */,
			);
			name = WeiboEngine;
			path = sinna/WeiboEngine;
			sourceTree = "<group>";
		};
		7D9B004E141081FF0013C93F /* OAuthConsumer */ = {
			isa = PBXGroup;
			children = (
				7D9B004F141081FF0013C93F /* Base64Transcoder.c */,
				7D9B0050141081FF0013C93F /* Base64Transcoder.h */,
				7D9B0051141081FF0013C93F /* NSMutableURLRequest+Parameters.h */,
				7D9B0052141081FF0013C93F /* NSMutableURLRequest+Parameters.m */,
				7D9B0053141081FF0013C93F /* NSString+URLEncoding.h */,
				7D9B0054141081FF0013C93F /* NSString+URLEncoding.m */,
				7D9B0055141081FF0013C93F /* NSURL+Base.h */,
				7D9B0056141081FF0013C93F /* NSURL+Base.m */,
				7D9B0057141081FF0013C93F /* OAAsynchronousDataFetcher.h */,
				7D9B0058141081FF0013C93F /* OAAsynchronousDataFetcher.m */,
				7D9B0059141081FF0013C93F /* OAConsumer.h */,
				7D9B005A141081FF0013C93F /* OAConsumer.m */,
				7D9B005B141081FF0013C93F /* OADataFetcher.h */,
				7D9B005C141081FF0013C93F /* OADataFetcher.m */,
				7D9B005D141081FF0013C93F /* OAHMAC_SHA1SignatureProvider.h */,
				7D9B005E141081FF0013C93F /* OAHMAC_SHA1SignatureProvider.m */,
				7D9B005F141081FF0013C93F /* OAMutableURLRequest.h */,
				7D9B0060141081FF0013C93F /* OAMutableURLRequest.m */,
				7D9B0061141081FF0013C93F /* OAPlaintextSignatureProvider.h */,
				7D9B0062141081FF0013C93F /* OAPlaintextSignatureProvider.m */,
				7D9B0063141081FF0013C93F /* OARequestParameter.h */,
				7D9B0064141081FF0013C93F /* OARequestParameter.m */,
				7D9B0065141081FF0013C93F /* OAServiceTicket.h */,
				7D9B0066141081FF0013C93F /* OAServiceTicket.m */,
				7D9B0067141081FF0013C93F /* OASignatureProviding.h */,
				7D9B0068141081FF0013C93F /* OAToken.h */,
				7D9B0069141081FF0013C93F /* OAToken.m */,
				7D9B006C141081FF0013C93F /* OAuthConsumer.h */,
			);
			path = OAuthConsumer;
			sourceTree = "<group>";
		};
		7D9B0088141082A90013C93F /* Global */ = {
			isa = PBXGroup;
			children = (
				7D9B0089141082A90013C93F /* GlobalCore.h */,
				7D9B008A141082A90013C93F /* GlobalCore.m */,
				7D9B008B141082A90013C93F /* Utils */,
			);
			name = Global;
			path = sinna/Global;
			sourceTree = "<group>";
		};
		7D9B008B141082A90013C93F /* Utils */ = {
			isa = PBXGroup;
			children = (
				7D9B008C141082A90013C93F /* ColorUtils.h */,
				7D9B008D141082A90013C93F /* ColorUtils.m */,
				7D9B008E141082A90013C93F /* DebugUtils.h */,
				7D9B008F141082A90013C93F /* ImageUtils.h */,
				7D9B0090141082A90013C93F /* ImageUtils.m */,
				7D9B0091141082A90013C93F /* QuartzUtils.c */,
				7D9B0092141082A90013C93F /* QuartzUtils.h */,
				7D9B0093141082A90013C93F /* REString.h */,
				7D9B0094141082A90013C93F /* REString.m */,
				7D9B0095141082A90013C93F /* StringUtil.h */,
				7D9B0096141082A90013C93F /* StringUtil.m */,
				7D9B0097141082A90013C93F /* TimeUtils.h */,
				7D9B0098141082A90013C93F /* TimeUtils.m */,
			);
			path = Utils;
			sourceTree = "<group>";
		};
		7D9B00A0141082F70013C93F /* Models */ = {
			isa = PBXGroup;
			children = (
				7D9B00A1141082F70013C93F /* Comment.h */,
				7D9B00A2141082F70013C93F /* Comment.m */,
				7D9B00A3141082F70013C93F /* DB */,
				7D9B00A8141082F70013C93F /* DirectMessage.h */,
				7D9B00A9141082F70013C93F /* DirectMessage.m */,
				7D9B00AA141082F70013C93F /* Draft.h */,
				7D9B00AB141082F70013C93F /* Draft.m */,
				7D9B00AC141082F70013C93F /* DummyGapStatus.h */,
				7D9B00AD141082F70013C93F /* DummyGapStatus.m */,
				7D9B00AE141082F70013C93F /* Status.h */,
				7D9B00AF141082F70013C93F /* Status.m */,
				7D9B00B0141082F70013C93F /* User.h */,
				7D9B00B1141082F70013C93F /* User.m */,
			);
			name = Models;
			path = sinna/Models;
			sourceTree = "<group>";
		};
		7D9B00A3141082F70013C93F /* DB */ = {
			isa = PBXGroup;
			children = (
				7D9B00A4141082F70013C93F /* DBConnection.h */,
				7D9B00A5141082F70013C93F /* DBConnection.m */,
				7D9B00A6141082F70013C93F /* Statement.h */,
				7D9B00A7141082F70013C93F /* Statement.m */,
			);
			path = DB;
			sourceTree = "<group>";
		};
		7D9B00BA141083230013C93F /* Additions */ = {
			isa = PBXGroup;
			children = (
				7D9B00BD141083230013C93F /* NSDataAdditions.h */,
				7D9B00BE141083230013C93F /* NSDataAdditions.m */,
				7D9B00BF141083230013C93F /* NSDictionaryAdditions.h */,
				7D9B00C0141083230013C93F /* NSDictionaryAdditions.m */,
				7D9B00C1141083230013C93F /* NSStringAdditions.h */,
				7D9B00C2141083230013C93F /* NSStringAdditions.m */,
				7D9B00C3141083230013C93F /* UIColorAdditions.h */,
				7D9B00C4141083230013C93F /* UIColorAdditions.m */,
				7D9B00C5141083230013C93F /* UIFontAdditions.h */,
				7D9B00C6141083230013C93F /* UIFontAdditions.m */,
				7D9B00C7141083230013C93F /* UIImage+Alpha.h */,
				7D9B00C8141083230013C93F /* UIImage+Alpha.m */,
				7D9B00CB141083230013C93F /* UIImage+RoundedCorner.h */,
				7D9B00CC141083230013C93F /* UIImage+RoundedCorner.m */,
				7D9B00CD141083230013C93F /* UITextViewAdditions.h */,
				7D9B00CE141083230013C93F /* UITextViewAdditions.m */,
				7D9B00CF141083230013C93F /* UIView+Hierarchy.h */,
				7D9B00D0141083230013C93F /* UIView+Hierarchy.m */,
				7D9B00D1141083230013C93F /* UIViewAdditions.h */,
				7D9B00D2141083230013C93F /* UIViewAdditions.m */,
			);
			name = Additions;
			path = sinna/Additions;
			sourceTree = "<group>";
		};
		7D9B00E2141083BE0013C93F /* JSON */ = {
			isa = PBXGroup;
			children = (
				7D9B00E3141083BE0013C93F /* JSON.h */,
				7D9B00E4141083BE0013C93F /* NSObject+SBJSON.h */,
				7D9B00E5141083BE0013C93F /* NSObject+SBJSON.m */,
				7D9B00E6141083BE0013C93F /* NSString+SBJSON.h */,
				7D9B00E7141083BE0013C93F /* NSString+SBJSON.m */,
				7D9B00E8141083BE0013C93F /* SBJsonBase.h */,
				7D9B00E9141083BE0013C93F /* SBJsonBase.m */,
				7D9B00EA141083BE0013C93F /* SBJsonParser.h */,
				7D9B00EB141083BE0013C93F /* SBJsonParser.m */,
				7D9B00EC141083BE0013C93F /* SBJsonStreamWriter.h */,
				7D9B00ED141083BE0013C93F /* SBJsonStreamWriter.m */,
				7D9B00EE141083BE0013C93F /* SBJsonWriter.h */,
				7D9B00EF141083BE0013C93F /* SBJsonWriter.m */,
				7D9B00F0141083BE0013C93F /* SBProxyForJson.h */,
			);
			name = JSON;
			path = share/JSON;
			sourceTree = "<group>";
		};
		7D9B010D141094FF0013C93F /* ShareEditViewController */ = {
			isa = PBXGroup;
			children = (
				7D9B010E1410950E0013C93F /* ShareEditViewController.h */,
				7D9B010F1410950E0013C93F /* ShareEditViewController.m */,
			);
			name = ShareEditViewController;
			path = CategoryController/ShareEditViewController;
			sourceTree = "<group>";
		};
		7D9BFF8014107F110013C93F /* share */ = {
			isa = PBXGroup;
			children = (
				7D9B00DF141083590013C93F /* RegexKitLite.h */,
				7D9B00E0141083590013C93F /* RegexKitLite.m */,
				7D9B00BA141083230013C93F /* Additions */,
				7D9B00A0141082F70013C93F /* Models */,
				7D9B0088141082A90013C93F /* Global */,
				7D9B004C141081FF0013C93F /* WeiboEngine */,
			);
			path = share;
			sourceTree = "<group>";
		};
		7DCC8EE91411BB1700666B02 /* Additions */ = {
			isa = PBXGroup;
			children = (
				7D9B00C9141083230013C93F /* UIImage+Resize.h */,
				7D9B00CA141083230013C93F /* UIImage+Resize.m */,
				7DCC8EEB1411BB3D00666B02 /* UIImage+Compress.h */,
				7DCC8EEC1411BB3D00666B02 /* UIImage+Compress.m */,
			);
			path = Additions;
			sourceTree = "<group>";
		};
		7DEFE8ED14069A2B00D684EC /* Images */ = {
			isa = PBXGroup;
			children = (
				7D9004391408FA7A00AF6DCD /* add.png */,
				7D7F37031406FFC800EBDDF8 /* Sample Images */,
			);
			path = Images;
			sourceTree = "<group>";
		};
		A9CEFE4B1409D9860027926E /* ImageImpoter */ = {
			isa = PBXGroup;
			children = (
				A9CEFE531409D9FE0027926E /* ImageSavingOperation.h */,
				A9CEFE541409D9FE0027926E /* ImageSavingOperation.m */,
				A9CEFE551409D9FE0027926E /* RotateUIImage.h */,
				A9CEFE561409D9FE0027926E /* RotateUIImage.m */,
			);
			name = ImageImpoter;
			sourceTree = "<group>";
		};
		A9CEFE591409DC830027926E /* ThirdPart */ = {
			isa = PBXGroup;
			children = (
				A9CEFE5A1409DCA10027926E /* Hash.h */,
				A9CEFE5B1409DCA10027926E /* Hash.m */,
			);
			name = ThirdPart;
			sourceTree = "<group>";
		};
/* End PBXGroup section */

/* Begin PBXNativeTarget section */
		7D0084301404B0DC00F1828B /* PictureManage */ = {
			isa = PBXNativeTarget;
			buildConfigurationList = 7D0084521404B0DC00F1828B /* Build configuration list for PBXNativeTarget "PictureManage" */;
			buildPhases = (
				7D00842D1404B0DC00F1828B /* Sources */,
				7D00842E1404B0DC00F1828B /* Frameworks */,
				7D00842F1404B0DC00F1828B /* Resources */,
			);
			buildRules = (
			);
			dependencies = (
			);
			name = PictureManage;
			productName = PictureManage;
			productReference = 7D0084311404B0DC00F1828B /* PictureManage.app */;
			productType = "com.apple.product-type.application";
		};
/* End PBXNativeTarget section */

/* Begin PBXProject section */
		7D0084281404B0DC00F1828B /* Project object */ = {
			isa = PBXProject;
			attributes = {
				ORGANIZATIONNAME = UZAI;
			};
			buildConfigurationList = 7D00842B1404B0DC00F1828B /* Build configuration list for PBXProject "PictureManage" */;
			compatibilityVersion = "Xcode 3.2";
			developmentRegion = English;
			hasScannedForEncodings = 0;
			knownRegions = (
				en,
			);
			mainGroup = 7D0084261404B0DC00F1828B;
			productRefGroup = 7D0084321404B0DC00F1828B /* Products */;
			projectDirPath = "";
			projectRoot = "";
			targets = (
				7D0084301404B0DC00F1828B /* PictureManage */,
			);
		};
/* End PBXProject section */

/* Begin PBXResourcesBuildPhase section */
		7D00842F1404B0DC00F1828B /* Resources */ = {
			isa = PBXResourcesBuildPhase;
			buildActionMask = 2147483647;
			files = (
				7D0084401404B0DC00F1828B /* InfoPlist.strings in Resources */,
				7D0084491404B0DC00F1828B /* MainWindow.xib in Resources */,
				7D7F37231406FFC800EBDDF8 /* 0.jpg in Resources */,
				7D7F37241406FFC800EBDDF8 /* 1.jpg in Resources */,
				7D7F37251406FFC800EBDDF8 /* 10.jpg in Resources */,
				7D7F37261406FFC800EBDDF8 /* 11.jpg in Resources */,
				7D7F37271406FFC800EBDDF8 /* 12.jpg in Resources */,
				7D7F37281406FFC800EBDDF8 /* 13.jpg in Resources */,
				7D7F37291406FFC800EBDDF8 /* 14.jpg in Resources */,
				7D7F372A1406FFC800EBDDF8 /* 15.jpg in Resources */,
				7D7F372B1406FFC800EBDDF8 /* 16.jpg in Resources */,
				7D7F372C1406FFC800EBDDF8 /* 17.jpg in Resources */,
				7D7F372D1406FFC800EBDDF8 /* 18.jpg in Resources */,
				7D7F372E1406FFC800EBDDF8 /* 19.jpg in Resources */,
				7D7F372F1406FFC800EBDDF8 /* 2.jpg in Resources */,
				7D7F37301406FFC800EBDDF8 /* 20.jpg in Resources */,
				7D7F37311406FFC800EBDDF8 /* 21.jpg in Resources */,
				7D7F37321406FFC800EBDDF8 /* 22.jpg in Resources */,
				7D7F37331406FFC800EBDDF8 /* 23.jpg in Resources */,
				7D7F37341406FFC800EBDDF8 /* 24.jpg in Resources */,
				7D7F37351406FFC800EBDDF8 /* 25.jpg in Resources */,
				7D7F37361406FFC800EBDDF8 /* 26.jpg in Resources */,
				7D7F37371406FFC800EBDDF8 /* 27.jpg in Resources */,
				7D7F37381406FFC800EBDDF8 /* 28.jpg in Resources */,
				7D7F37391406FFC800EBDDF8 /* 29.jpg in Resources */,
				7D7F373A1406FFC800EBDDF8 /* 3.jpg in Resources */,
				7D7F373B1406FFC800EBDDF8 /* 4.jpg in Resources */,
				7D7F373C1406FFC800EBDDF8 /* 5.jpg in Resources */,
				7D7F373D1406FFC800EBDDF8 /* 6.jpg in Resources */,
				7D7F373E1406FFC800EBDDF8 /* 7.jpg in Resources */,
				7D7F373F1406FFC800EBDDF8 /* 8.jpg in Resources */,
				7D7F37401406FFC800EBDDF8 /* 9.jpg in Resources */,
				7D90043A1408FA7A00AF6DCD /* add.png in Resources */,
				A9CEFE5E1409DCCD0027926E /* DialogView.xib in Resources */,
			);
			runOnlyForDeploymentPostprocessing = 0;
		};
/* End PBXResourcesBuildPhase section */

/* Begin PBXSourcesBuildPhase section */
		7D00842D1404B0DC00F1828B /* Sources */ = {
			isa = PBXSourcesBuildPhase;
			buildActionMask = 2147483647;
			files = (
				7D0084431404B0DC00F1828B /* main.m in Sources */,
				7D0084461404B0DC00F1828B /* PictureManageAppDelegate.m in Sources */,
				7D0084581404B1C900F1828B /* HomeViewController.m in Sources */,
				7D0084651404B37800F1828B /* HomeView.m in Sources */,
				7D0084681404B41000F1828B /* HomeViewDataSource.m in Sources */,
				7D00847B1404C12B00F1828B /* TableViewDataSource.m in Sources */,
				7DEFE8D3140688E900D684EC /* HomeViewImageCell.m in Sources */,
				7DEFE8F214069F6E00D684EC /* ImageView.m in Sources */,
				7D7F36FE1406FE7300EBDDF8 /* AFItemView.m in Sources */,
				7D7F36FF1406FE7300EBDDF8 /* AFOpenFlowView.m in Sources */,
				7D7F37001406FE7300EBDDF8 /* AFUIImageReflection.m in Sources */,
				7D90041B1408BB7200AF6DCD /* CategoryViewController.m in Sources */,
				7D9004201408C29100AF6DCD /* CategoryDataSource.m in Sources */,
				7D9004231408CB6000AF6DCD /* CategoryEditViewController.m in Sources */,
				7D9004381408D90E00AF6DCD /* PathHelper.m in Sources */,
				7D9004491409052500AF6DCD /* Picture.m in Sources */,
				A9CEFE521409D9B50027926E /* DialogView.m in Sources */,
				A9CEFE571409D9FE0027926E /* ImageSavingOperation.m in Sources */,
				A9CEFE581409D9FE0027926E /* RotateUIImage.m in Sources */,
				A9CEFE5C1409DCA10027926E /* Hash.m in Sources */,
				7DEBA80E1409FD5F00801F3C /* PictureDetailViewController.m in Sources */,
				7D2425C2140E3206006D99B2 /* ImageImporterController.m in Sources */,
				7D0ADB7D140F8DC500DB303D /* ImportPictureView.m in Sources */,
				7D9B0076141081FF0013C93F /* Base64Transcoder.c in Sources */,
				7D9B0077141081FF0013C93F /* NSMutableURLRequest+Parameters.m in Sources */,
				7D9B0078141081FF0013C93F /* NSString+URLEncoding.m in Sources */,
				7D9B0079141081FF0013C93F /* NSURL+Base.m in Sources */,
				7D9B007A141081FF0013C93F /* OAAsynchronousDataFetcher.m in Sources */,
				7D9B007B141081FF0013C93F /* OAConsumer.m in Sources */,
				7D9B007C141081FF0013C93F /* OADataFetcher.m in Sources */,
				7D9B007D141081FF0013C93F /* OAHMAC_SHA1SignatureProvider.m in Sources */,
				7D9B007E141081FF0013C93F /* OAMutableURLRequest.m in Sources */,
				7D9B007F141081FF0013C93F /* OAPlaintextSignatureProvider.m in Sources */,
				7D9B0080141081FF0013C93F /* OARequestParameter.m in Sources */,
				7D9B0081141081FF0013C93F /* OAServiceTicket.m in Sources */,
				7D9B0082141081FF0013C93F /* OAToken.m in Sources */,
				7D9B0084141081FF0013C93F /* OAuthController.m in Sources */,
				7D9B0085141081FF0013C93F /* OAuthEngine.m in Sources */,
				7D9B0086141081FF0013C93F /* URLConnection.m in Sources */,
				7D9B0087141081FF0013C93F /* WeiboClient.m in Sources */,
				7D9B0099141082A90013C93F /* GlobalCore.m in Sources */,
				7D9B009A141082A90013C93F /* ColorUtils.m in Sources */,
				7D9B009B141082A90013C93F /* ImageUtils.m in Sources */,
				7D9B009C141082A90013C93F /* QuartzUtils.c in Sources */,
				7D9B009D141082A90013C93F /* REString.m in Sources */,
				7D9B009E141082A90013C93F /* StringUtil.m in Sources */,
				7D9B009F141082A90013C93F /* TimeUtils.m in Sources */,
				7D9B00B2141082F70013C93F /* Comment.m in Sources */,
				7D9B00B3141082F70013C93F /* DBConnection.m in Sources */,
				7D9B00B4141082F70013C93F /* Statement.m in Sources */,
				7D9B00B5141082F70013C93F /* DirectMessage.m in Sources */,
				7D9B00B6141082F70013C93F /* Draft.m in Sources */,
				7D9B00B7141082F70013C93F /* DummyGapStatus.m in Sources */,
				7D9B00B8141082F70013C93F /* Status.m in Sources */,
				7D9B00B9141082F70013C93F /* User.m in Sources */,
				7D9B00D4141083230013C93F /* NSDataAdditions.m in Sources */,
				7D9B00D5141083230013C93F /* NSDictionaryAdditions.m in Sources */,
				7D9B00D6141083230013C93F /* NSStringAdditions.m in Sources */,
				7D9B00D7141083230013C93F /* UIColorAdditions.m in Sources */,
				7D9B00D8141083230013C93F /* UIFontAdditions.m in Sources */,
				7D9B00D9141083230013C93F /* UIImage+Alpha.m in Sources */,
				7D9B00DA141083230013C93F /* UIImage+Resize.m in Sources */,
				7D9B00DB141083230013C93F /* UIImage+RoundedCorner.m in Sources */,
				7D9B00DC141083230013C93F /* UITextViewAdditions.m in Sources */,
				7D9B00DD141083230013C93F /* UIView+Hierarchy.m in Sources */,
				7D9B00DE141083230013C93F /* UIViewAdditions.m in Sources */,
				7D9B00E11410835A0013C93F /* RegexKitLite.m in Sources */,
				7D9B00F1141083BE0013C93F /* NSObject+SBJSON.m in Sources */,
				7D9B00F2141083BE0013C93F /* NSString+SBJSON.m in Sources */,
				7D9B00F3141083BE0013C93F /* SBJsonBase.m in Sources */,
				7D9B00F4141083BE0013C93F /* SBJsonParser.m in Sources */,
				7D9B00F5141083BE0013C93F /* SBJsonStreamWriter.m in Sources */,
				7D9B00F6141083BE0013C93F /* SBJsonWriter.m in Sources */,
				7D9B01101410950E0013C93F /* ShareEditViewController.m in Sources */,
				7DCC8EED1411BB3D00666B02 /* UIImage+Compress.m in Sources */,
			);
			runOnlyForDeploymentPostprocessing = 0;
		};
/* End PBXSourcesBuildPhase section */

/* Begin PBXVariantGroup section */
		7D00843E1404B0DC00F1828B /* InfoPlist.strings */ = {
			isa = PBXVariantGroup;
			children = (
				7D00843F1404B0DC00F1828B /* en */,
			);
			name = InfoPlist.strings;
			sourceTree = "<group>";
		};
		7D0084471404B0DC00F1828B /* MainWindow.xib */ = {
			isa = PBXVariantGroup;
			children = (
				7D0084481404B0DC00F1828B /* en */,
			);
			name = MainWindow.xib;
			sourceTree = "<group>";
		};
/* End PBXVariantGroup section */

/* Begin XCBuildConfiguration section */
		7D0084501404B0DC00F1828B /* Debug */ = {
			isa = XCBuildConfiguration;
			buildSettings = {
				ARCHS = "$(ARCHS_STANDARD_32_BIT)";
				"CODE_SIGN_IDENTITY[sdk=iphoneos*]" = "iPhone Developer";
				GCC_C_LANGUAGE_STANDARD = gnu99;
				GCC_OPTIMIZATION_LEVEL = 0;
				GCC_PREPROCESSOR_DEFINITIONS = DEBUG;
				GCC_SYMBOLS_PRIVATE_EXTERN = NO;
				GCC_VERSION = com.apple.compilers.llvmgcc42;
				GCC_WARN_ABOUT_RETURN_TYPE = YES;
				GCC_WARN_UNUSED_VARIABLE = YES;
				IPHONEOS_DEPLOYMENT_TARGET = 4.3;
				SDKROOT = iphoneos;
			};
			name = Debug;
		};
		7D0084511404B0DC00F1828B /* Release */ = {
			isa = XCBuildConfiguration;
			buildSettings = {
				ARCHS = "$(ARCHS_STANDARD_32_BIT)";
				"CODE_SIGN_IDENTITY[sdk=iphoneos*]" = "iPhone Developer";
				GCC_C_LANGUAGE_STANDARD = gnu99;
				GCC_VERSION = com.apple.compilers.llvmgcc42;
				GCC_WARN_ABOUT_RETURN_TYPE = YES;
				GCC_WARN_UNUSED_VARIABLE = YES;
				IPHONEOS_DEPLOYMENT_TARGET = 4.3;
				OTHER_CFLAGS = "-DNS_BLOCK_ASSERTIONS=1";
				SDKROOT = iphoneos;
			};
			name = Release;
		};
		7D0084531404B0DC00F1828B /* Debug */ = {
			isa = XCBuildConfiguration;
			buildSettings = {
				ALWAYS_SEARCH_USER_PATHS = NO;
				COPY_PHASE_STRIP = NO;
				GCC_DYNAMIC_NO_PIC = NO;
				GCC_PRECOMPILE_PREFIX_HEADER = YES;
				GCC_PREFIX_HEADER = "PictureManage/PictureManage-Prefix.pch";
				INFOPLIST_FILE = "PictureManage/PictureManage-Info.plist";
				LIBRARY_SEARCH_PATHS = (
					"$(inherited)",
					"\"$(SRCROOT)/Classes/share/sina/WeiboEngine\"",
					"\"$(SRCROOT)/Classes/share/sinna/WeiboEngine\"",
					"\"$(SRCROOT)\"",
				);
				PRODUCT_NAME = "$(TARGET_NAME)";
				WRAPPER_EXTENSION = app;
			};
			name = Debug;
		};
		7D0084541404B0DC00F1828B /* Release */ = {
			isa = XCBuildConfiguration;
			buildSettings = {
				ALWAYS_SEARCH_USER_PATHS = NO;
				COPY_PHASE_STRIP = YES;
				GCC_PRECOMPILE_PREFIX_HEADER = YES;
				GCC_PREFIX_HEADER = "PictureManage/PictureManage-Prefix.pch";
				INFOPLIST_FILE = "PictureManage/PictureManage-Info.plist";
				LIBRARY_SEARCH_PATHS = (
					"$(inherited)",
					"\"$(SRCROOT)/Classes/share/sina/WeiboEngine\"",
					"\"$(SRCROOT)/Classes/share/sinna/WeiboEngine\"",
					"\"$(SRCROOT)\"",
				);
				PRODUCT_NAME = "$(TARGET_NAME)";
				VALIDATE_PRODUCT = YES;
				WRAPPER_EXTENSION = app;
			};
			name = Release;
		};
/* End XCBuildConfiguration section */

/* Begin XCConfigurationList section */
		7D00842B1404B0DC00F1828B /* Build configuration list for PBXProject "PictureManage" */ = {
			isa = XCConfigurationList;
			buildConfigurations = (
				7D0084501404B0DC00F1828B /* Debug */,
				7D0084511404B0DC00F1828B /* Release */,
			);
			defaultConfigurationIsVisible = 0;
			defaultConfigurationName = Release;
		};
		7D0084521404B0DC00F1828B /* Build configuration list for PBXNativeTarget "PictureManage" */ = {
			isa = XCConfigurationList;
			buildConfigurations = (
				7D0084531404B0DC00F1828B /* Debug */,
				7D0084541404B0DC00F1828B /* Release */,
			);
			defaultConfigurationIsVisible = 0;
			defaultConfigurationName = Release;
		};
/* End XCConfigurationList section */
	};
	rootObject = 7D0084281404B0DC00F1828B /* Project object */;
}
